// !$*UTF8*$!
{
	archiveVersion = 1;
	classes = {
	};
	objectVersion = 46;
	objects = {

/* Begin PBXFileReference section */
		E8000A6A1AE7E5E600E1F351 /* README */ = {isa = PBXFileReference; lastKnownFileType = text; name = README; path = siren/README; sourceTree = "<group>"; };
		E8000A6B1AE7E5FD00E1F351 /* adaptive_samples.h */ = {isa = PBXFileReference; lastKnownFileType = sourcecode.c.h; name = adaptive_samples.h; path = siren/rlcsa/adaptive_samples.h; sourceTree = "<group>"; };
		E8000A6C1AE7E5FD00E1F351 /* alphabet.h */ = {isa = PBXFileReference; lastKnownFileType = sourcecode.c.h; name = alphabet.h; path = siren/rlcsa/alphabet.h; sourceTree = "<group>"; };
		E8000A6D1AE7E5FD00E1F351 /* docarray.h */ = {isa = PBXFileReference; lastKnownFileType = sourcecode.c.h; name = docarray.h; path = siren/rlcsa/docarray.h; sourceTree = "<group>"; };
		E8000A6E1AE7E5FD00E1F351 /* lcpsamples.h */ = {isa = PBXFileReference; lastKnownFileType = sourcecode.c.h; name = lcpsamples.h; path = siren/rlcsa/lcpsamples.h; sourceTree = "<group>"; };
		E8000A6F1AE7E5FD00E1F351 /* rlcsa_builder.h */ = {isa = PBXFileReference; lastKnownFileType = sourcecode.c.h; name = rlcsa_builder.h; path = siren/rlcsa/rlcsa_builder.h; sourceTree = "<group>"; };
		E8000A701AE7E5FD00E1F351 /* rlcsa.h */ = {isa = PBXFileReference; lastKnownFileType = sourcecode.c.h; name = rlcsa.h; path = siren/rlcsa/rlcsa.h; sourceTree = "<group>"; };
		E8000A711AE7E5FD00E1F351 /* sampler.h */ = {isa = PBXFileReference; lastKnownFileType = sourcecode.c.h; name = sampler.h; path = siren/rlcsa/sampler.h; sourceTree = "<group>"; };
		E8000A721AE7E5FD00E1F351 /* sasamples.h */ = {isa = PBXFileReference; lastKnownFileType = sourcecode.c.h; name = sasamples.h; path = siren/rlcsa/sasamples.h; sourceTree = "<group>"; };
		E8000A731AE7E5FD00E1F351 /* suffixarray.h */ = {isa = PBXFileReference; lastKnownFileType = sourcecode.c.h; name = suffixarray.h; path = siren/rlcsa/suffixarray.h; sourceTree = "<group>"; };
		E8000A741AE7E5FD00E1F351 /* adaptive_samples.cpp */ = {isa = PBXFileReference; lastKnownFileType = sourcecode.cpp.cpp; name = adaptive_samples.cpp; path = siren/rlcsa/adaptive_samples.cpp; sourceTree = "<group>"; };
		E8000A751AE7E5FD00E1F351 /* alphabet.cpp */ = {isa = PBXFileReference; lastKnownFileType = sourcecode.cpp.cpp; name = alphabet.cpp; path = siren/rlcsa/alphabet.cpp; sourceTree = "<group>"; };
		E8000A761AE7E5FD00E1F351 /* build_plcp.cpp */ = {isa = PBXFileReference; lastKnownFileType = sourcecode.cpp.cpp; name = build_plcp.cpp; path = siren/rlcsa/build_plcp.cpp; sourceTree = "<group>"; };
		E8000A771AE7E5FD00E1F351 /* build_rlcsa.cpp */ = {isa = PBXFileReference; lastKnownFileType = sourcecode.cpp.cpp; name = build_rlcsa.cpp; path = siren/rlcsa/build_rlcsa.cpp; sourceTree = "<group>"; };
		E8000A781AE7E5FD00E1F351 /* build_sa.cpp */ = {isa = PBXFileReference; lastKnownFileType = sourcecode.cpp.cpp; name = build_sa.cpp; path = siren/rlcsa/build_sa.cpp; sourceTree = "<group>"; };
		E8000A791AE7E5FD00E1F351 /* display_test.cpp */ = {isa = PBXFileReference; lastKnownFileType = sourcecode.cpp.cpp; name = display_test.cpp; path = siren/rlcsa/display_test.cpp; sourceTree = "<group>"; };
		E8000A7A1AE7E5FD00E1F351 /* docarray.cpp */ = {isa = PBXFileReference; lastKnownFileType = sourcecode.cpp.cpp; name = docarray.cpp; path = siren/rlcsa/docarray.cpp; sourceTree = "<group>"; };
		E8000A7B1AE7E5FD00E1F351 /* document_graph.cpp */ = {isa = PBXFileReference; lastKnownFileType = sourcecode.cpp.cpp; name = document_graph.cpp; path = siren/rlcsa/document_graph.cpp; sourceTree = "<group>"; };
		E8000A7C1AE7E5FD00E1F351 /* extract_sequence.cpp */ = {isa = PBXFileReference; lastKnownFileType = sourcecode.cpp.cpp; name = extract_sequence.cpp; path = siren/rlcsa/extract_sequence.cpp; sourceTree = "<group>"; };
		E8000A7D1AE7E5FD00E1F351 /* lcp_test.cpp */ = {isa = PBXFileReference; lastKnownFileType = sourcecode.cpp.cpp; name = lcp_test.cpp; path = siren/rlcsa/lcp_test.cpp; sourceTree = "<group>"; };
		E8000A7E1AE7E5FD00E1F351 /* lcpsamples.cpp */ = {isa = PBXFileReference; lastKnownFileType = sourcecode.cpp.cpp; name = lcpsamples.cpp; path = siren/rlcsa/lcpsamples.cpp; sourceTree = "<group>"; };
		E8000A7F1AE7E5FD00E1F351 /* locate_test.cpp */ = {isa = PBXFileReference; lastKnownFileType = sourcecode.cpp.cpp; name = locate_test.cpp; path = siren/rlcsa/locate_test.cpp; sourceTree = "<group>"; };
		E8000A801AE7E5FD00E1F351 /* parallel_build.cpp */ = {isa = PBXFileReference; lastKnownFileType = sourcecode.cpp.cpp; name = parallel_build.cpp; path = siren/rlcsa/parallel_build.cpp; sourceTree = "<group>"; };
		E8000A811AE7E5FD00E1F351 /* read_bwt.cpp */ = {isa = PBXFileReference; lastKnownFileType = sourcecode.cpp.cpp; name = read_bwt.cpp; path = siren/rlcsa/read_bwt.cpp; sourceTree = "<group>"; };
		E8000A821AE7E5FD00E1F351 /* rlcsa_builder.cpp */ = {isa = PBXFileReference; lastKnownFileType = sourcecode.cpp.cpp; name = rlcsa_builder.cpp; path = siren/rlcsa/rlcsa_builder.cpp; sourceTree = "<group>"; };
		E8000A831AE7E5FD00E1F351 /* rlcsa_grep.cpp */ = {isa = PBXFileReference; lastKnownFileType = sourcecode.cpp.cpp; name = rlcsa_grep.cpp; path = siren/rlcsa/rlcsa_grep.cpp; sourceTree = "<group>"; };
		E8000A841AE7E5FD00E1F351 /* rlcsa_test.cpp */ = {isa = PBXFileReference; lastKnownFileType = sourcecode.cpp.cpp; name = rlcsa_test.cpp; path = siren/rlcsa/rlcsa_test.cpp; sourceTree = "<group>"; };
		E8000A851AE7E5FD00E1F351 /* rlcsa.cpp */ = {isa = PBXFileReference; lastKnownFileType = sourcecode.cpp.cpp; name = rlcsa.cpp; path = siren/rlcsa/rlcsa.cpp; sourceTree = "<group>"; };
		E8000A861AE7E5FD00E1F351 /* sample_lcp.cpp */ = {isa = PBXFileReference; lastKnownFileType = sourcecode.cpp.cpp; name = sample_lcp.cpp; path = siren/rlcsa/sample_lcp.cpp; sourceTree = "<group>"; };
		E8000A871AE7E5FD00E1F351 /* sampler_test.cpp */ = {isa = PBXFileReference; lastKnownFileType = sourcecode.cpp.cpp; name = sampler_test.cpp; path = siren/rlcsa/sampler_test.cpp; sourceTree = "<group>"; };
		E8000A881AE7E5FD00E1F351 /* sampler.cpp */ = {isa = PBXFileReference; lastKnownFileType = sourcecode.cpp.cpp; name = sampler.cpp; path = siren/rlcsa/sampler.cpp; sourceTree = "<group>"; };
		E8000A891AE7E5FD00E1F351 /* sasamples.cpp */ = {isa = PBXFileReference; lastKnownFileType = sourcecode.cpp.cpp; name = sasamples.cpp; path = siren/rlcsa/sasamples.cpp; sourceTree = "<group>"; };
		E8000A8A1AE7E5FD00E1F351 /* ss_test.cpp */ = {isa = PBXFileReference; lastKnownFileType = sourcecode.cpp.cpp; name = ss_test.cpp; path = siren/rlcsa/ss_test.cpp; sourceTree = "<group>"; };
		E8000A8B1AE7E5FD00E1F351 /* suffixarray.cpp */ = {isa = PBXFileReference; lastKnownFileType = sourcecode.cpp.cpp; name = suffixarray.cpp; path = siren/rlcsa/suffixarray.cpp; sourceTree = "<group>"; };
		E8000A8D1AE7E60B00E1F351 /* array.cpp */ = {isa = PBXFileReference; lastKnownFileType = sourcecode.cpp.cpp; path = array.cpp; sourceTree = "<group>"; };
		E8000A8E1AE7E60B00E1F351 /* array.h */ = {isa = PBXFileReference; lastKnownFileType = sourcecode.c.h; path = array.h; sourceTree = "<group>"; };
		E8000A901AE7E60B00E1F351 /* bitbuffer.cpp */ = {isa = PBXFileReference; lastKnownFileType = sourcecode.cpp.cpp; path = bitbuffer.cpp; sourceTree = "<group>"; };
		E8000A911AE7E60B00E1F351 /* bitbuffer.h */ = {isa = PBXFileReference; lastKnownFileType = sourcecode.c.h; path = bitbuffer.h; sourceTree = "<group>"; };
		E8000A931AE7E60B00E1F351 /* bitvector.cpp */ = {isa = PBXFileReference; lastKnownFileType = sourcecode.cpp.cpp; path = bitvector.cpp; sourceTree = "<group>"; };
		E8000A941AE7E60B00E1F351 /* bitvector.h */ = {isa = PBXFileReference; lastKnownFileType = sourcecode.c.h; path = bitvector.h; sourceTree = "<group>"; };
		E8000A961AE7E60B00E1F351 /* deltavector.cpp */ = {isa = PBXFileReference; lastKnownFileType = sourcecode.cpp.cpp; path = deltavector.cpp; sourceTree = "<group>"; };
		E8000A971AE7E60B00E1F351 /* deltavector.h */ = {isa = PBXFileReference; lastKnownFileType = sourcecode.c.h; path = deltavector.h; sourceTree = "<group>"; };
		E8000A991AE7E60B00E1F351 /* multiarray.cpp */ = {isa = PBXFileReference; lastKnownFileType = sourcecode.cpp.cpp; path = multiarray.cpp; sourceTree = "<group>"; };
		E8000A9A1AE7E60B00E1F351 /* multiarray.h */ = {isa = PBXFileReference; lastKnownFileType = sourcecode.c.h; path = multiarray.h; sourceTree = "<group>"; };
		E8000A9C1AE7E60B00E1F351 /* nibblevector.cpp */ = {isa = PBXFileReference; lastKnownFileType = sourcecode.cpp.cpp; path = nibblevector.cpp; sourceTree = "<group>"; };
		E8000A9D1AE7E60B00E1F351 /* nibblevector.h */ = {isa = PBXFileReference; lastKnownFileType = sourcecode.c.h; path = nibblevector.h; sourceTree = "<group>"; };
		E8000A9F1AE7E60B00E1F351 /* rlevector.cpp */ = {isa = PBXFileReference; lastKnownFileType = sourcecode.cpp.cpp; path = rlevector.cpp; sourceTree = "<group>"; };
		E8000AA01AE7E60B00E1F351 /* rlevector.h */ = {isa = PBXFileReference; lastKnownFileType = sourcecode.c.h; path = rlevector.h; sourceTree = "<group>"; };
		E8000AA21AE7E60B00E1F351 /* succinctvector.cpp */ = {isa = PBXFileReference; lastKnownFileType = sourcecode.cpp.cpp; path = succinctvector.cpp; sourceTree = "<group>"; };
		E8000AA31AE7E60B00E1F351 /* succinctvector.h */ = {isa = PBXFileReference; lastKnownFileType = sourcecode.c.h; path = succinctvector.h; sourceTree = "<group>"; };
		E8000AA51AE7E60B00E1F351 /* vectors.h */ = {isa = PBXFileReference; lastKnownFileType = sourcecode.c.h; path = vectors.h; sourceTree = "<group>"; };
		E8000AA71AE7E60B00E1F351 /* definitions.h */ = {isa = PBXFileReference; lastKnownFileType = sourcecode.c.h; path = definitions.h; sourceTree = "<group>"; };
		E8000AA81AE7E60B00E1F351 /* parameters.cpp */ = {isa = PBXFileReference; lastKnownFileType = sourcecode.cpp.cpp; path = parameters.cpp; sourceTree = "<group>"; };
		E8000AA91AE7E60B00E1F351 /* parameters.h */ = {isa = PBXFileReference; lastKnownFileType = sourcecode.c.h; path = parameters.h; sourceTree = "<group>"; };
		E8000AAB1AE7E60B00E1F351 /* utils.cpp */ = {isa = PBXFileReference; lastKnownFileType = sourcecode.cpp.cpp; path = utils.cpp; sourceTree = "<group>"; };
		E8000AAC1AE7E60B00E1F351 /* utils.h */ = {isa = PBXFileReference; lastKnownFileType = sourcecode.c.h; path = utils.h; sourceTree = "<group>"; };
		E8000AB61AE7E66C00E1F351 /* gcsa_alignment.cpp */ = {isa = PBXFileReference; lastKnownFileType = sourcecode.cpp.cpp; name = gcsa_alignment.cpp; path = siren/gcsa_util/gcsa_alignment.cpp; sourceTree = "<group>"; };
		E8000AB71AE7E66C00E1F351 /* materescue.cpp */ = {isa = PBXFileReference; lastKnownFileType = sourcecode.cpp.cpp; name = materescue.cpp; path = siren/gcsa_util/materescue.cpp; sourceTree = "<group>"; };
		E8000AB81AE7E66C00E1F351 /* seedrescue.cpp */ = {isa = PBXFileReference; lastKnownFileType = sourcecode.cpp.cpp; name = seedrescue.cpp; path = siren/gcsa_util/seedrescue.cpp; sourceTree = "<group>"; };
		E8000AB91AE7E66C00E1F351 /* seedrescue2materescue.cpp */ = {isa = PBXFileReference; lastKnownFileType = sourcecode.cpp.cpp; name = seedrescue2materescue.cpp; path = siren/gcsa_util/seedrescue2materescue.cpp; sourceTree = "<group>"; };
		E8000ABA1AE7E66C00E1F351 /* Tools.h */ = {isa = PBXFileReference; lastKnownFileType = sourcecode.c.h; name = Tools.h; path = siren/gcsa_util/Tools.h; sourceTree = "<group>"; };
		E8000ABB1AE7E66C00E1F351 /* vcf2malignment.cpp */ = {isa = PBXFileReference; lastKnownFileType = sourcecode.cpp.cpp; name = vcf2malignment.cpp; path = siren/gcsa_util/vcf2malignment.cpp; sourceTree = "<group>"; };
		E8000ABC1AE7E68200E1F351 /* bwasearch.h */ = {isa = PBXFileReference; lastKnownFileType = sourcecode.c.h; name = bwasearch.h; path = siren/gcsa/bwasearch.h; sourceTree = "<group>"; };
		E8000ABD1AE7E68200E1F351 /* gcsa.h */ = {isa = PBXFileReference; lastKnownFileType = sourcecode.c.h; name = gcsa.h; path = siren/gcsa/gcsa.h; sourceTree = "<group>"; };
		E8000ABE1AE7E68200E1F351 /* graph.h */ = {isa = PBXFileReference; lastKnownFileType = sourcecode.c.h; name = graph.h; path = siren/gcsa/graph.h; sourceTree = "<group>"; };
		E8000ABF1AE7E68200E1F351 /* parameter_handler.h */ = {isa = PBXFileReference; lastKnownFileType = sourcecode.c.h; name = parameter_handler.h; path = siren/gcsa/parameter_handler.h; sourceTree = "<group>"; };
		E8000AC01AE7E68200E1F351 /* pattern_classifier.h */ = {isa = PBXFileReference; lastKnownFileType = sourcecode.c.h; name = pattern_classifier.h; path = siren/gcsa/pattern_classifier.h; sourceTree = "<group>"; };
		E8000AC11AE7E68200E1F351 /* build_automaton.cpp */ = {isa = PBXFileReference; lastKnownFileType = sourcecode.cpp.cpp; name = build_automaton.cpp; path = siren/gcsa/build_automaton.cpp; sourceTree = "<group>"; };
		E8000AC21AE7E68200E1F351 /* build_index.cpp */ = {isa = PBXFileReference; lastKnownFileType = sourcecode.cpp.cpp; name = build_index.cpp; path = siren/gcsa/build_index.cpp; sourceTree = "<group>"; };
		E8000AC31AE7E68200E1F351 /* clean_alignment.cpp */ = {isa = PBXFileReference; lastKnownFileType = sourcecode.cpp.cpp; name = clean_alignment.cpp; path = siren/gcsa/clean_alignment.cpp; sourceTree = "<group>"; };
		E8000AC41AE7E68200E1F351 /* determinize.cpp */ = {isa = PBXFileReference; lastKnownFileType = sourcecode.cpp.cpp; name = determinize.cpp; path = siren/gcsa/determinize.cpp; sourceTree = "<group>"; };
		E8000AC51AE7E68200E1F351 /* gcsa_test.cpp */ = {isa = PBXFileReference; lastKnownFileType = sourcecode.cpp.cpp; name = gcsa_test.cpp; path = siren/gcsa/gcsa_test.cpp; sourceTree = "<group>"; };
		E8000AC61AE7E68200E1F351 /* gcsa.cpp */ = {isa = PBXFileReference; lastKnownFileType = sourcecode.cpp.cpp; name = gcsa.cpp; path = siren/gcsa/gcsa.cpp; sourceTree = "<group>"; };
		E8000AC71AE7E68200E1F351 /* generator.cpp */ = {isa = PBXFileReference; lastKnownFileType = sourcecode.cpp.cpp; name = generator.cpp; path = siren/gcsa/generator.cpp; sourceTree = "<group>"; };
		E8000AC81AE7E68200E1F351 /* graph.cpp */ = {isa = PBXFileReference; lastKnownFileType = sourcecode.cpp.cpp; name = graph.cpp; path = siren/gcsa/graph.cpp; sourceTree = "<group>"; };
		E8000AC91AE7E68200E1F351 /* parameter_handler.cpp */ = {isa = PBXFileReference; lastKnownFileType = sourcecode.cpp.cpp; name = parameter_handler.cpp; path = siren/gcsa/parameter_handler.cpp; sourceTree = "<group>"; };
		E8000ACA1AE7E68200E1F351 /* rlcsa_test.cpp */ = {isa = PBXFileReference; lastKnownFileType = sourcecode.cpp.cpp; name = rlcsa_test.cpp; path = siren/gcsa/rlcsa_test.cpp; sourceTree = "<group>"; };
		E8000ACB1AE7E68200E1F351 /* transpose.cpp */ = {isa = PBXFileReference; lastKnownFileType = sourcecode.cpp.cpp; name = transpose.cpp; path = siren/gcsa/transpose.cpp; sourceTree = "<group>"; };
		E8000ACC1AE7E68200E1F351 /* verify.cpp */ = {isa = PBXFileReference; lastKnownFileType = sourcecode.cpp.cpp; name = verify.cpp; path = siren/gcsa/verify.cpp; sourceTree = "<group>"; };
		E8000AE11AE9304500E1F351 /* hisat2_build_main.cpp */ = {isa = PBXFileReference; lastKnownFileType = sourcecode.cpp.cpp; path = hisat2_build_main.cpp; sourceTree = "<group>"; };
		E8000AE21AE9304500E1F351 /* hisat2_build.cpp */ = {isa = PBXFileReference; lastKnownFileType = sourcecode.cpp.cpp; path = hisat2_build.cpp; sourceTree = "<group>"; };
		E818AEAD1987FD2E00ED141B /* bp_aligner.h */ = {isa = PBXFileReference; lastKnownFileType = sourcecode.c.h; path = bp_aligner.h; sourceTree = "<group>"; };
		E818AEAE1987FD5100ED141B /* hisat_bp.cpp */ = {isa = PBXFileReference; lastKnownFileType = sourcecode.cpp.cpp; path = hisat_bp.cpp; sourceTree = "<group>"; };
		E819F68819F553B100E1BD32 /* splice_site_mem.h */ = {isa = PBXFileReference; lastKnownFileType = sourcecode.c.h; path = splice_site_mem.h; sourceTree = "<group>"; };
		E81BC0841980295300580916 /* hi_aligner.h */ = {isa = PBXFileReference; lastKnownFileType = sourcecode.c.h; path = hi_aligner.h; sourceTree = "<group>"; };
		E85766711970545400D8AAFB /* btypes.h */ = {isa = PBXFileReference; lastKnownFileType = sourcecode.c.h; path = btypes.h; sourceTree = "<group>"; };
		E85F1AFA193501E000F85A12 /* Makefile */ = {isa = PBXFileReference; lastKnownFileType = sourcecode.make; path = Makefile; sourceTree = "<group>"; };
		E8B0DBE81934F7AA005ED9FA /* aligner_bt.h */ = {isa = PBXFileReference; fileEncoding = 4; lastKnownFileType = sourcecode.c.h; path = aligner_bt.h; sourceTree = "<group>"; };
		E8B0DBE91934F7AA005ED9FA /* aligner_cache.h */ = {isa = PBXFileReference; fileEncoding = 4; lastKnownFileType = sourcecode.c.h; path = aligner_cache.h; sourceTree = "<group>"; };
		E8B0DBEA1934F7AA005ED9FA /* aligner_driver.h */ = {isa = PBXFileReference; fileEncoding = 4; lastKnownFileType = sourcecode.c.h; path = aligner_driver.h; sourceTree = "<group>"; };
		E8B0DBEB1934F7AA005ED9FA /* aligner_metrics.h */ = {isa = PBXFileReference; fileEncoding = 4; lastKnownFileType = sourcecode.c.h; path = aligner_metrics.h; sourceTree = "<group>"; };
		E8B0DBEC1934F7AA005ED9FA /* aligner_report.h */ = {isa = PBXFileReference; fileEncoding = 4; lastKnownFileType = sourcecode.c.h; path = aligner_report.h; sourceTree = "<group>"; };
		E8B0DBED1934F7AA005ED9FA /* aligner_result.h */ = {isa = PBXFileReference; fileEncoding = 4; lastKnownFileType = sourcecode.c.h; path = aligner_result.h; sourceTree = "<group>"; };
		E8B0DBEE1934F7AA005ED9FA /* aligner_seed_policy.h */ = {isa = PBXFileReference; fileEncoding = 4; lastKnownFileType = sourcecode.c.h; path = aligner_seed_policy.h; sourceTree = "<group>"; };
		E8B0DBEF1934F7AA005ED9FA /* aligner_seed.h */ = {isa = PBXFileReference; fileEncoding = 4; lastKnownFileType = sourcecode.c.h; path = aligner_seed.h; sourceTree = "<group>"; };
		E8B0DBF01934F7AA005ED9FA /* aligner_seed2.h */ = {isa = PBXFileReference; fileEncoding = 4; lastKnownFileType = sourcecode.c.h; path = aligner_seed2.h; sourceTree = "<group>"; };
		E8B0DBF11934F7AA005ED9FA /* aligner_sw_common.h */ = {isa = PBXFileReference; fileEncoding = 4; lastKnownFileType = sourcecode.c.h; path = aligner_sw_common.h; sourceTree = "<group>"; };
		E8B0DBF21934F7AA005ED9FA /* aligner_sw_driver.h */ = {isa = PBXFileReference; fileEncoding = 4; lastKnownFileType = sourcecode.c.h; path = aligner_sw_driver.h; sourceTree = "<group>"; };
		E8B0DBF31934F7AA005ED9FA /* aligner_sw_nuc.h */ = {isa = PBXFileReference; fileEncoding = 4; lastKnownFileType = sourcecode.c.h; path = aligner_sw_nuc.h; sourceTree = "<group>"; };
		E8B0DBF41934F7AA005ED9FA /* aligner_sw.h */ = {isa = PBXFileReference; fileEncoding = 4; lastKnownFileType = sourcecode.c.h; path = aligner_sw.h; sourceTree = "<group>"; };
		E8B0DBF51934F7AA005ED9FA /* aligner_swsse.h */ = {isa = PBXFileReference; fileEncoding = 4; lastKnownFileType = sourcecode.c.h; path = aligner_swsse.h; sourceTree = "<group>"; };
		E8B0DBF61934F7AA005ED9FA /* aln_sink.h */ = {isa = PBXFileReference; fileEncoding = 4; lastKnownFileType = sourcecode.c.h; path = aln_sink.h; sourceTree = "<group>"; };
		E8B0DBF71934F7AA005ED9FA /* alphabet.h */ = {isa = PBXFileReference; fileEncoding = 4; lastKnownFileType = sourcecode.c.h; path = alphabet.h; sourceTree = "<group>"; };
		E8B0DBF81934F7AA005ED9FA /* assert_helpers.h */ = {isa = PBXFileReference; fileEncoding = 4; lastKnownFileType = sourcecode.c.h; path = assert_helpers.h; sourceTree = "<group>"; };
		E8B0DBF91934F7AA005ED9FA /* banded.h */ = {isa = PBXFileReference; fileEncoding = 4; lastKnownFileType = sourcecode.c.h; path = banded.h; sourceTree = "<group>"; };
		E8B0DBFA1934F7AA005ED9FA /* binary_sa_search.h */ = {isa = PBXFileReference; fileEncoding = 4; lastKnownFileType = sourcecode.c.h; path = binary_sa_search.h; sourceTree = "<group>"; };
		E8B0DBFB1934F7AA005ED9FA /* bitpack.h */ = {isa = PBXFileReference; fileEncoding = 4; lastKnownFileType = sourcecode.c.h; path = bitpack.h; sourceTree = "<group>"; };
		E8B0DBFC1934F7AA005ED9FA /* blockwise_sa.h */ = {isa = PBXFileReference; fileEncoding = 4; lastKnownFileType = sourcecode.c.h; path = blockwise_sa.h; sourceTree = "<group>"; };
		E8B0DBFD1934F7AA005ED9FA /* bt2_idx.h */ = {isa = PBXFileReference; fileEncoding = 4; lastKnownFileType = sourcecode.c.h; path = bt2_idx.h; sourceTree = "<group>"; };
		E8B0DBFE1934F7AA005ED9FA /* bt2_io.h */ = {isa = PBXFileReference; fileEncoding = 4; lastKnownFileType = sourcecode.c.h; path = bt2_io.h; sourceTree = "<group>"; };
		E8B0DBFF1934F7AA005ED9FA /* bt2_util.h */ = {isa = PBXFileReference; fileEncoding = 4; lastKnownFileType = sourcecode.c.h; path = bt2_util.h; sourceTree = "<group>"; };
		E8B0DC001934F7AA005ED9FA /* diff_sample.h */ = {isa = PBXFileReference; fileEncoding = 4; lastKnownFileType = sourcecode.c.h; path = diff_sample.h; sourceTree = "<group>"; };
		E8B0DC011934F7AA005ED9FA /* dp_framer.h */ = {isa = PBXFileReference; fileEncoding = 4; lastKnownFileType = sourcecode.c.h; path = dp_framer.h; sourceTree = "<group>"; };
		E8B0DC021934F7AA005ED9FA /* ds.h */ = {isa = PBXFileReference; fileEncoding = 4; lastKnownFileType = sourcecode.c.h; path = ds.h; sourceTree = "<group>"; };
		E8B0DC031934F7AA005ED9FA /* edit.h */ = {isa = PBXFileReference; fileEncoding = 4; lastKnownFileType = sourcecode.c.h; path = edit.h; sourceTree = "<group>"; };
		E8B0DC041934F7AA005ED9FA /* endian_swap.h */ = {isa = PBXFileReference; fileEncoding = 4; lastKnownFileType = sourcecode.c.h; path = endian_swap.h; sourceTree = "<group>"; };
		E8B0DC051934F7AA005ED9FA /* fast_mutex.h */ = {isa = PBXFileReference; fileEncoding = 4; lastKnownFileType = sourcecode.c.h; path = fast_mutex.h; sourceTree = "<group>"; };
		E8B0DC061934F7AA005ED9FA /* filebuf.h */ = {isa = PBXFileReference; fileEncoding = 4; lastKnownFileType = sourcecode.c.h; path = filebuf.h; sourceTree = "<group>"; };
		E8B0DC071934F7AA005ED9FA /* formats.h */ = {isa = PBXFileReference; fileEncoding = 4; lastKnownFileType = sourcecode.c.h; path = formats.h; sourceTree = "<group>"; };
		E8B0DC081934F7AA005ED9FA /* group_walk.h */ = {isa = PBXFileReference; fileEncoding = 4; lastKnownFileType = sourcecode.c.h; path = group_walk.h; sourceTree = "<group>"; };
		E8B0DC091934F7AA005ED9FA /* hier_idx_common.h */ = {isa = PBXFileReference; fileEncoding = 4; lastKnownFileType = sourcecode.c.h; path = hier_idx_common.h; sourceTree = "<group>"; };
		E8B0DC0A1934F7AA005ED9FA /* hier_idx.h */ = {isa = PBXFileReference; fileEncoding = 4; lastKnownFileType = sourcecode.c.h; path = hier_idx.h; sourceTree = "<group>"; };
		E8B0DC0B1934F7AA005ED9FA /* ival_list.h */ = {isa = PBXFileReference; fileEncoding = 4; lastKnownFileType = sourcecode.c.h; path = ival_list.h; sourceTree = "<group>"; };
		E8B0DC0C1934F7AA005ED9FA /* limit.h */ = {isa = PBXFileReference; fileEncoding = 4; lastKnownFileType = sourcecode.c.h; path = limit.h; sourceTree = "<group>"; };
		E8B0DC0D1934F7AA005ED9FA /* ls.h */ = {isa = PBXFileReference; fileEncoding = 4; lastKnownFileType = sourcecode.c.h; path = ls.h; sourceTree = "<group>"; };
		E8B0DC0E1934F7AA005ED9FA /* mask.h */ = {isa = PBXFileReference; fileEncoding = 4; lastKnownFileType = sourcecode.c.h; path = mask.h; sourceTree = "<group>"; };
		E8B0DC0F1934F7AA005ED9FA /* mem_ids.h */ = {isa = PBXFileReference; fileEncoding = 4; lastKnownFileType = sourcecode.c.h; path = mem_ids.h; sourceTree = "<group>"; };
		E8B0DC101934F7AA005ED9FA /* mm.h */ = {isa = PBXFileReference; fileEncoding = 4; lastKnownFileType = sourcecode.c.h; path = mm.h; sourceTree = "<group>"; };
		E8B0DC111934F7AA005ED9FA /* multikey_qsort.h */ = {isa = PBXFileReference; fileEncoding = 4; lastKnownFileType = sourcecode.c.h; path = multikey_qsort.h; sourceTree = "<group>"; };
		E8B0DC121934F7AA005ED9FA /* opts.h */ = {isa = PBXFileReference; fileEncoding = 4; lastKnownFileType = sourcecode.c.h; path = opts.h; sourceTree = "<group>"; };
		E8B0DC131934F7AA005ED9FA /* outq.h */ = {isa = PBXFileReference; fileEncoding = 4; lastKnownFileType = sourcecode.c.h; path = outq.h; sourceTree = "<group>"; };
		E8B0DC141934F7AA005ED9FA /* pat.h */ = {isa = PBXFileReference; fileEncoding = 4; lastKnownFileType = sourcecode.c.h; path = pat.h; sourceTree = "<group>"; };
		E8B0DC151934F7AA005ED9FA /* pe.h */ = {isa = PBXFileReference; fileEncoding = 4; lastKnownFileType = sourcecode.c.h; path = pe.h; sourceTree = "<group>"; };
		E8B0DC161934F7AA005ED9FA /* presets.h */ = {isa = PBXFileReference; fileEncoding = 4; lastKnownFileType = sourcecode.c.h; path = presets.h; sourceTree = "<group>"; };
		E8B0DC171934F7AA005ED9FA /* processor_support.h */ = {isa = PBXFileReference; fileEncoding = 4; lastKnownFileType = sourcecode.c.h; path = processor_support.h; sourceTree = "<group>"; };
		E8B0DC181934F7AA005ED9FA /* qual.h */ = {isa = PBXFileReference; fileEncoding = 4; lastKnownFileType = sourcecode.c.h; path = qual.h; sourceTree = "<group>"; };
		E8B0DC191934F7AA005ED9FA /* random_source.h */ = {isa = PBXFileReference; fileEncoding = 4; lastKnownFileType = sourcecode.c.h; path = random_source.h; sourceTree = "<group>"; };
		E8B0DC1A1934F7AA005ED9FA /* random_util.h */ = {isa = PBXFileReference; fileEncoding = 4; lastKnownFileType = sourcecode.c.h; path = random_util.h; sourceTree = "<group>"; };
		E8B0DC1B1934F7AA005ED9FA /* read.h */ = {isa = PBXFileReference; fileEncoding = 4; lastKnownFileType = sourcecode.c.h; path = read.h; sourceTree = "<group>"; };
		E8B0DC1C1934F7AA005ED9FA /* ref_coord.h */ = {isa = PBXFileReference; fileEncoding = 4; lastKnownFileType = sourcecode.c.h; path = ref_coord.h; sourceTree = "<group>"; };
		E8B0DC1D1934F7AA005ED9FA /* ref_read.h */ = {isa = PBXFileReference; fileEncoding = 4; lastKnownFileType = sourcecode.c.h; path = ref_read.h; sourceTree = "<group>"; };
		E8B0DC1E1934F7AA005ED9FA /* reference.h */ = {isa = PBXFileReference; fileEncoding = 4; lastKnownFileType = sourcecode.c.h; path = reference.h; sourceTree = "<group>"; };
		E8B0DC1F1934F7AA005ED9FA /* sam.h */ = {isa = PBXFileReference; fileEncoding = 4; lastKnownFileType = sourcecode.c.h; path = sam.h; sourceTree = "<group>"; };
		E8B0DC201934F7AA005ED9FA /* scoring.h */ = {isa = PBXFileReference; fileEncoding = 4; lastKnownFileType = sourcecode.c.h; path = scoring.h; sourceTree = "<group>"; };
		E8B0DC211934F7AA005ED9FA /* search_globals.h */ = {isa = PBXFileReference; fileEncoding = 4; lastKnownFileType = sourcecode.c.h; path = search_globals.h; sourceTree = "<group>"; };
		E8B0DC221934F7AA005ED9FA /* sequence_io.h */ = {isa = PBXFileReference; fileEncoding = 4; lastKnownFileType = sourcecode.c.h; path = sequence_io.h; sourceTree = "<group>"; };
		E8B0DC231934F7AA005ED9FA /* shmem.h */ = {isa = PBXFileReference; fileEncoding = 4; lastKnownFileType = sourcecode.c.h; path = shmem.h; sourceTree = "<group>"; };
		E8B0DC241934F7AA005ED9FA /* simple_func.h */ = {isa = PBXFileReference; fileEncoding = 4; lastKnownFileType = sourcecode.c.h; path = simple_func.h; sourceTree = "<group>"; };
		E8B0DC251934F7AA005ED9FA /* splice_site.h */ = {isa = PBXFileReference; fileEncoding = 4; lastKnownFileType = sourcecode.c.h; path = splice_site.h; sourceTree = "<group>"; };
		E8B0DC261934F7AA005ED9FA /* spliced_aligner.h */ = {isa = PBXFileReference; fileEncoding = 4; lastKnownFileType = sourcecode.c.h; path = spliced_aligner.h; sourceTree = "<group>"; };
		E8B0DC271934F7AA005ED9FA /* sse_util.h */ = {isa = PBXFileReference; fileEncoding = 4; lastKnownFileType = sourcecode.c.h; path = sse_util.h; sourceTree = "<group>"; };
		E8B0DC281934F7AA005ED9FA /* sstring.h */ = {isa = PBXFileReference; fileEncoding = 4; lastKnownFileType = sourcecode.c.h; path = sstring.h; sourceTree = "<group>"; };
		E8B0DC291934F7AA005ED9FA /* str_util.h */ = {isa = PBXFileReference; fileEncoding = 4; lastKnownFileType = sourcecode.c.h; path = str_util.h; sourceTree = "<group>"; };
		E8B0DC2A1934F7AA005ED9FA /* threading.h */ = {isa = PBXFileReference; fileEncoding = 4; lastKnownFileType = sourcecode.c.h; path = threading.h; sourceTree = "<group>"; };
		E8B0DC2B1934F7AA005ED9FA /* timer.h */ = {isa = PBXFileReference; fileEncoding = 4; lastKnownFileType = sourcecode.c.h; path = timer.h; sourceTree = "<group>"; };
		E8B0DC2C1934F7AA005ED9FA /* tinythread.h */ = {isa = PBXFileReference; fileEncoding = 4; lastKnownFileType = sourcecode.c.h; path = tinythread.h; sourceTree = "<group>"; };
		E8B0DC2D1934F7AA005ED9FA /* tokenize.h */ = {isa = PBXFileReference; fileEncoding = 4; lastKnownFileType = sourcecode.c.h; path = tokenize.h; sourceTree = "<group>"; };
		E8B0DC2E1934F7AA005ED9FA /* unique.h */ = {isa = PBXFileReference; fileEncoding = 4; lastKnownFileType = sourcecode.c.h; path = unique.h; sourceTree = "<group>"; };
		E8B0DC2F1934F7AA005ED9FA /* util.h */ = {isa = PBXFileReference; fileEncoding = 4; lastKnownFileType = sourcecode.c.h; path = util.h; sourceTree = "<group>"; };
		E8B0DC301934F7AA005ED9FA /* word_io.h */ = {isa = PBXFileReference; fileEncoding = 4; lastKnownFileType = sourcecode.c.h; path = word_io.h; sourceTree = "<group>"; };
		E8B0DC311934F7AA005ED9FA /* zbox.h */ = {isa = PBXFileReference; fileEncoding = 4; lastKnownFileType = sourcecode.c.h; path = zbox.h; sourceTree = "<group>"; };
		E8B0DC321934F7AA005ED9FA /* aligner_bt.cpp */ = {isa = PBXFileReference; fileEncoding = 4; lastKnownFileType = sourcecode.cpp.cpp; path = aligner_bt.cpp; sourceTree = "<group>"; };
		E8B0DC331934F7AA005ED9FA /* aligner_cache.cpp */ = {isa = PBXFileReference; fileEncoding = 4; lastKnownFileType = sourcecode.cpp.cpp; path = aligner_cache.cpp; sourceTree = "<group>"; };
		E8B0DC341934F7AA005ED9FA /* aligner_driver.cpp */ = {isa = PBXFileReference; fileEncoding = 4; lastKnownFileType = sourcecode.cpp.cpp; path = aligner_driver.cpp; sourceTree = "<group>"; };
		E8B0DC351934F7AA005ED9FA /* aligner_result.cpp */ = {isa = PBXFileReference; fileEncoding = 4; lastKnownFileType = sourcecode.cpp.cpp; path = aligner_result.cpp; sourceTree = "<group>"; };
		E8B0DC361934F7AA005ED9FA /* aligner_seed_policy.cpp */ = {isa = PBXFileReference; fileEncoding = 4; lastKnownFileType = sourcecode.cpp.cpp; path = aligner_seed_policy.cpp; sourceTree = "<group>"; };
		E8B0DC371934F7AA005ED9FA /* aligner_seed.cpp */ = {isa = PBXFileReference; fileEncoding = 4; lastKnownFileType = sourcecode.cpp.cpp; path = aligner_seed.cpp; sourceTree = "<group>"; };
		E8B0DC381934F7AA005ED9FA /* aligner_seed2.cpp */ = {isa = PBXFileReference; fileEncoding = 4; lastKnownFileType = sourcecode.cpp.cpp; path = aligner_seed2.cpp; sourceTree = "<group>"; };
		E8B0DC391934F7AA005ED9FA /* aligner_sw_driver.cpp */ = {isa = PBXFileReference; fileEncoding = 4; lastKnownFileType = sourcecode.cpp.cpp; path = aligner_sw_driver.cpp; sourceTree = "<group>"; };
		E8B0DC3A1934F7AA005ED9FA /* aligner_sw.cpp */ = {isa = PBXFileReference; fileEncoding = 4; lastKnownFileType = sourcecode.cpp.cpp; path = aligner_sw.cpp; sourceTree = "<group>"; };
		E8B0DC3B1934F7AA005ED9FA /* aligner_swsse_ee_i16.cpp */ = {isa = PBXFileReference; fileEncoding = 4; lastKnownFileType = sourcecode.cpp.cpp; path = aligner_swsse_ee_i16.cpp; sourceTree = "<group>"; };
		E8B0DC3C1934F7AA005ED9FA /* aligner_swsse_ee_u8.cpp */ = {isa = PBXFileReference; fileEncoding = 4; lastKnownFileType = sourcecode.cpp.cpp; path = aligner_swsse_ee_u8.cpp; sourceTree = "<group>"; };
		E8B0DC3D1934F7AA005ED9FA /* aligner_swsse_loc_i16.cpp */ = {isa = PBXFileReference; fileEncoding = 4; lastKnownFileType = sourcecode.cpp.cpp; path = aligner_swsse_loc_i16.cpp; sourceTree = "<group>"; };
		E8B0DC3E1934F7AA005ED9FA /* aligner_swsse_loc_u8.cpp */ = {isa = PBXFileReference; fileEncoding = 4; lastKnownFileType = sourcecode.cpp.cpp; path = aligner_swsse_loc_u8.cpp; sourceTree = "<group>"; };
		E8B0DC3F1934F7AA005ED9FA /* aligner_swsse.cpp */ = {isa = PBXFileReference; fileEncoding = 4; lastKnownFileType = sourcecode.cpp.cpp; path = aligner_swsse.cpp; sourceTree = "<group>"; };
		E8B0DC401934F7AA005ED9FA /* aln_sink.cpp */ = {isa = PBXFileReference; fileEncoding = 4; lastKnownFileType = sourcecode.cpp.cpp; path = aln_sink.cpp; sourceTree = "<group>"; };
		E8B0DC411934F7AA005ED9FA /* alphabet.cpp */ = {isa = PBXFileReference; fileEncoding = 4; lastKnownFileType = sourcecode.cpp.cpp; path = alphabet.cpp; sourceTree = "<group>"; };
		E8B0DC421934F7AA005ED9FA /* banded.cpp */ = {isa = PBXFileReference; fileEncoding = 4; lastKnownFileType = sourcecode.cpp.cpp; path = banded.cpp; sourceTree = "<group>"; };
		E8B0DC431934F7AA005ED9FA /* bowtie_build_main.cpp */ = {isa = PBXFileReference; fileEncoding = 4; lastKnownFileType = sourcecode.cpp.cpp; path = bowtie_build_main.cpp; sourceTree = "<group>"; };
		E8B0DC441934F7AA005ED9FA /* bowtie_main.cpp */ = {isa = PBXFileReference; fileEncoding = 4; lastKnownFileType = sourcecode.cpp.cpp; path = bowtie_main.cpp; sourceTree = "<group>"; };
		E8B0DC451934F7AA005ED9FA /* bt2_build.cpp */ = {isa = PBXFileReference; fileEncoding = 4; lastKnownFileType = sourcecode.cpp.cpp; path = bt2_build.cpp; sourceTree = "<group>"; };
		E8B0DC461934F7AA005ED9FA /* bt2_idx.cpp */ = {isa = PBXFileReference; fileEncoding = 4; lastKnownFileType = sourcecode.cpp.cpp; path = bt2_idx.cpp; sourceTree = "<group>"; };
		E8B0DC471934F7AA005ED9FA /* bt2_inspect.cpp */ = {isa = PBXFileReference; fileEncoding = 4; lastKnownFileType = sourcecode.cpp.cpp; path = bt2_inspect.cpp; sourceTree = "<group>"; };
		E8B0DC481934F7AA005ED9FA /* bt2_search.cpp */ = {isa = PBXFileReference; fileEncoding = 4; lastKnownFileType = sourcecode.cpp.cpp; path = bt2_search.cpp; sourceTree = "<group>"; };
		E8B0DC491934F7AA005ED9FA /* ccnt_lut.cpp */ = {isa = PBXFileReference; fileEncoding = 4; lastKnownFileType = sourcecode.cpp.cpp; path = ccnt_lut.cpp; sourceTree = "<group>"; };
		E8B0DC4A1934F7AA005ED9FA /* diff_sample.cpp */ = {isa = PBXFileReference; fileEncoding = 4; lastKnownFileType = sourcecode.cpp.cpp; path = diff_sample.cpp; sourceTree = "<group>"; };
		E8B0DC4B1934F7AA005ED9FA /* dp_framer.cpp */ = {isa = PBXFileReference; fileEncoding = 4; lastKnownFileType = sourcecode.cpp.cpp; path = dp_framer.cpp; sourceTree = "<group>"; };
		E8B0DC4C1934F7AA005ED9FA /* ds.cpp */ = {isa = PBXFileReference; fileEncoding = 4; lastKnownFileType = sourcecode.cpp.cpp; path = ds.cpp; sourceTree = "<group>"; };
		E8B0DC4D1934F7AA005ED9FA /* edit.cpp */ = {isa = PBXFileReference; fileEncoding = 4; lastKnownFileType = sourcecode.cpp.cpp; path = edit.cpp; sourceTree = "<group>"; };
		E8B0DC4E1934F7AA005ED9FA /* group_walk.cpp */ = {isa = PBXFileReference; fileEncoding = 4; lastKnownFileType = sourcecode.cpp.cpp; path = group_walk.cpp; sourceTree = "<group>"; };
		E8B0DC4F1934F7AA005ED9FA /* ival_list.cpp */ = {isa = PBXFileReference; fileEncoding = 4; lastKnownFileType = sourcecode.cpp.cpp; path = ival_list.cpp; sourceTree = "<group>"; };
		E8B0DC501934F7AA005ED9FA /* limit.cpp */ = {isa = PBXFileReference; fileEncoding = 4; lastKnownFileType = sourcecode.cpp.cpp; path = limit.cpp; sourceTree = "<group>"; };
		E8B0DC511934F7AA005ED9FA /* ls.cpp */ = {isa = PBXFileReference; fileEncoding = 4; lastKnownFileType = sourcecode.cpp.cpp; path = ls.cpp; sourceTree = "<group>"; };
		E8B0DC521934F7AA005ED9FA /* mask.cpp */ = {isa = PBXFileReference; fileEncoding = 4; lastKnownFileType = sourcecode.cpp.cpp; path = mask.cpp; sourceTree = "<group>"; };
		E8B0DC531934F7AA005ED9FA /* multikey_qsort.cpp */ = {isa = PBXFileReference; fileEncoding = 4; lastKnownFileType = sourcecode.cpp.cpp; path = multikey_qsort.cpp; sourceTree = "<group>"; };
		E8B0DC541934F7AA005ED9FA /* outq.cpp */ = {isa = PBXFileReference; fileEncoding = 4; lastKnownFileType = sourcecode.cpp.cpp; path = outq.cpp; sourceTree = "<group>"; };
		E8B0DC551934F7AA005ED9FA /* pat.cpp */ = {isa = PBXFileReference; fileEncoding = 4; lastKnownFileType = sourcecode.cpp.cpp; path = pat.cpp; sourceTree = "<group>"; };
		E8B0DC561934F7AA005ED9FA /* pe.cpp */ = {isa = PBXFileReference; fileEncoding = 4; lastKnownFileType = sourcecode.cpp.cpp; path = pe.cpp; sourceTree = "<group>"; };
		E8B0DC571934F7AA005ED9FA /* presets.cpp */ = {isa = PBXFileReference; fileEncoding = 4; lastKnownFileType = sourcecode.cpp.cpp; path = presets.cpp; sourceTree = "<group>"; };
		E8B0DC581934F7AA005ED9FA /* qual.cpp */ = {isa = PBXFileReference; fileEncoding = 4; lastKnownFileType = sourcecode.cpp.cpp; path = qual.cpp; sourceTree = "<group>"; };
		E8B0DC591934F7AA005ED9FA /* random_source.cpp */ = {isa = PBXFileReference; fileEncoding = 4; lastKnownFileType = sourcecode.cpp.cpp; path = random_source.cpp; sourceTree = "<group>"; };
		E8B0DC5A1934F7AA005ED9FA /* random_util.cpp */ = {isa = PBXFileReference; fileEncoding = 4; lastKnownFileType = sourcecode.cpp.cpp; path = random_util.cpp; sourceTree = "<group>"; };
		E8B0DC5B1934F7AA005ED9FA /* read_qseq.cpp */ = {isa = PBXFileReference; fileEncoding = 4; lastKnownFileType = sourcecode.cpp.cpp; path = read_qseq.cpp; sourceTree = "<group>"; };
		E8B0DC5C1934F7AA005ED9FA /* ref_coord.cpp */ = {isa = PBXFileReference; fileEncoding = 4; lastKnownFileType = sourcecode.cpp.cpp; path = ref_coord.cpp; sourceTree = "<group>"; };
		E8B0DC5D1934F7AA005ED9FA /* ref_read.cpp */ = {isa = PBXFileReference; fileEncoding = 4; lastKnownFileType = sourcecode.cpp.cpp; path = ref_read.cpp; sourceTree = "<group>"; };
		E8B0DC5E1934F7AA005ED9FA /* reference.cpp */ = {isa = PBXFileReference; fileEncoding = 4; lastKnownFileType = sourcecode.cpp.cpp; path = reference.cpp; sourceTree = "<group>"; };
		E8B0DC5F1934F7AA005ED9FA /* sam.cpp */ = {isa = PBXFileReference; fileEncoding = 4; lastKnownFileType = sourcecode.cpp.cpp; path = sam.cpp; sourceTree = "<group>"; };
		E8B0DC601934F7AA005ED9FA /* hisat_build_main.cpp */ = {isa = PBXFileReference; fileEncoding = 4; lastKnownFileType = sourcecode.cpp.cpp; path = hisat_build_main.cpp; sourceTree = "<group>"; };
		E8B0DC611934F7AA005ED9FA /* hisat_build.cpp */ = {isa = PBXFileReference; fileEncoding = 4; lastKnownFileType = sourcecode.cpp.cpp; path = hisat_build.cpp; sourceTree = "<group>"; };
		E8B0DC621934F7AA005ED9FA /* hisat_inspect.cpp */ = {isa = PBXFileReference; fileEncoding = 4; lastKnownFileType = sourcecode.cpp.cpp; path = hisat_inspect.cpp; sourceTree = "<group>"; };
		E8B0DC631934F7AA005ED9FA /* hisat_main.cpp */ = {isa = PBXFileReference; fileEncoding = 4; lastKnownFileType = sourcecode.cpp.cpp; path = hisat_main.cpp; sourceTree = "<group>"; };
		E8B0DC641934F7AA005ED9FA /* hisat.cpp */ = {isa = PBXFileReference; fileEncoding = 4; lastKnownFileType = sourcecode.cpp.cpp; path = hisat.cpp; sourceTree = "<group>"; };
		E8B0DC651934F7AA005ED9FA /* scoring.cpp */ = {isa = PBXFileReference; fileEncoding = 4; lastKnownFileType = sourcecode.cpp.cpp; path = scoring.cpp; sourceTree = "<group>"; };
		E8B0DC661934F7AA005ED9FA /* shmem.cpp */ = {isa = PBXFileReference; fileEncoding = 4; lastKnownFileType = sourcecode.cpp.cpp; path = shmem.cpp; sourceTree = "<group>"; };
		E8B0DC671934F7AA005ED9FA /* simple_func.cpp */ = {isa = PBXFileReference; fileEncoding = 4; lastKnownFileType = sourcecode.cpp.cpp; path = simple_func.cpp; sourceTree = "<group>"; };
		E8B0DC681934F7AA005ED9FA /* splice_site.cpp */ = {isa = PBXFileReference; fileEncoding = 4; lastKnownFileType = sourcecode.cpp.cpp; path = splice_site.cpp; sourceTree = "<group>"; };
		E8B0DC691934F7AA005ED9FA /* sse_util.cpp */ = {isa = PBXFileReference; fileEncoding = 4; lastKnownFileType = sourcecode.cpp.cpp; path = sse_util.cpp; sourceTree = "<group>"; };
		E8B0DC6A1934F7AA005ED9FA /* sstring.cpp */ = {isa = PBXFileReference; fileEncoding = 4; lastKnownFileType = sourcecode.cpp.cpp; path = sstring.cpp; sourceTree = "<group>"; };
		E8B0DC6B1934F7AA005ED9FA /* tinythread.cpp */ = {isa = PBXFileReference; fileEncoding = 4; lastKnownFileType = sourcecode.cpp.cpp; path = tinythread.cpp; sourceTree = "<group>"; };
		E8B0DC6C1934F7AA005ED9FA /* unique.cpp */ = {isa = PBXFileReference; fileEncoding = 4; lastKnownFileType = sourcecode.cpp.cpp; path = unique.cpp; sourceTree = "<group>"; };
		E8B0DCA81934F7BE005ED9FA /* AUTHORS */ = {isa = PBXFileReference; lastKnownFileType = text; path = AUTHORS; sourceTree = "<group>"; };
		E8B0DCA91934F7BE005ED9FA /* LICENSE */ = {isa = PBXFileReference; lastKnownFileType = text; path = LICENSE; sourceTree = "<group>"; };
		E8B0DCAA1934F7C5005ED9FA /* NEWS */ = {isa = PBXFileReference; lastKnownFileType = text; path = NEWS; sourceTree = "<group>"; };
		E8B0DCAC1934F7C5005ED9FA /* TUTORIAL */ = {isa = PBXFileReference; lastKnownFileType = text; path = TUTORIAL; sourceTree = "<group>"; };
		E8B0DCAD1934F7C5005ED9FA /* VERSION */ = {isa = PBXFileReference; lastKnownFileType = text; path = VERSION; sourceTree = "<group>"; };
/* End PBXFileReference section */

/* Begin PBXGroup section */
		E8000A8C1AE7E60B00E1F351 /* bits */ = {
			isa = PBXGroup;
			children = (
				E8000A8D1AE7E60B00E1F351 /* array.cpp */,
				E8000A8E1AE7E60B00E1F351 /* array.h */,
				E8000A901AE7E60B00E1F351 /* bitbuffer.cpp */,
				E8000A911AE7E60B00E1F351 /* bitbuffer.h */,
				E8000A931AE7E60B00E1F351 /* bitvector.cpp */,
				E8000A941AE7E60B00E1F351 /* bitvector.h */,
				E8000A961AE7E60B00E1F351 /* deltavector.cpp */,
				E8000A971AE7E60B00E1F351 /* deltavector.h */,
				E8000A991AE7E60B00E1F351 /* multiarray.cpp */,
				E8000A9A1AE7E60B00E1F351 /* multiarray.h */,
				E8000A9C1AE7E60B00E1F351 /* nibblevector.cpp */,
				E8000A9D1AE7E60B00E1F351 /* nibblevector.h */,
				E8000A9F1AE7E60B00E1F351 /* rlevector.cpp */,
				E8000AA01AE7E60B00E1F351 /* rlevector.h */,
				E8000AA21AE7E60B00E1F351 /* succinctvector.cpp */,
				E8000AA31AE7E60B00E1F351 /* succinctvector.h */,
				E8000AA51AE7E60B00E1F351 /* vectors.h */,
			);
			name = bits;
			path = siren/rlcsa/bits;
			sourceTree = "<group>";
		};
		E8000AA61AE7E60B00E1F351 /* misc */ = {
			isa = PBXGroup;
			children = (
				E8000AA71AE7E60B00E1F351 /* definitions.h */,
				E8000AA81AE7E60B00E1F351 /* parameters.cpp */,
				E8000AA91AE7E60B00E1F351 /* parameters.h */,
				E8000AAB1AE7E60B00E1F351 /* utils.cpp */,
				E8000AAC1AE7E60B00E1F351 /* utils.h */,
			);
			name = misc;
			path = siren/rlcsa/misc;
			sourceTree = "<group>";
		};
		E8B0DBD11934F022005ED9FA = {
			isa = PBXGroup;
			children = (
				E8B0DBE61934F762005ED9FA /* Document */,
				E8B0DBDB1934F022005ED9FA /* Products */,
				E8B0DBE71934F769005ED9FA /* Source */,
			);
			sourceTree = "<group>";
		};
		E8B0DBDB1934F022005ED9FA /* Products */ = {
			isa = PBXGroup;
			children = (
			);
			name = Products;
			sourceTree = "<group>";
		};
		E8B0DBE61934F762005ED9FA /* Document */ = {
			isa = PBXGroup;
			children = (
				E8B0DCAA1934F7C5005ED9FA /* NEWS */,
				E8B0DCAC1934F7C5005ED9FA /* TUTORIAL */,
				E8B0DCAD1934F7C5005ED9FA /* VERSION */,
				E8B0DCA81934F7BE005ED9FA /* AUTHORS */,
				E8B0DCA91934F7BE005ED9FA /* LICENSE */,
			);
			name = Document;
			sourceTree = "<group>";
		};
		E8B0DBE71934F769005ED9FA /* Source */ = {
			isa = PBXGroup;
			children = (
				E8EEBD1B1AE7D46900E0A359 /* siren */,
				E85F1AFA193501E000F85A12 /* Makefile */,
				E8B0DBE81934F7AA005ED9FA /* aligner_bt.h */,
				E8B0DBE91934F7AA005ED9FA /* aligner_cache.h */,
				E8B0DBEA1934F7AA005ED9FA /* aligner_driver.h */,
				E8B0DBEB1934F7AA005ED9FA /* aligner_metrics.h */,
				E8B0DBEC1934F7AA005ED9FA /* aligner_report.h */,
				E8B0DBED1934F7AA005ED9FA /* aligner_result.h */,
				E8B0DBEE1934F7AA005ED9FA /* aligner_seed_policy.h */,
				E8B0DBEF1934F7AA005ED9FA /* aligner_seed.h */,
				E8B0DBF01934F7AA005ED9FA /* aligner_seed2.h */,
				E8B0DBF11934F7AA005ED9FA /* aligner_sw_common.h */,
				E8B0DBF21934F7AA005ED9FA /* aligner_sw_driver.h */,
				E8B0DBF31934F7AA005ED9FA /* aligner_sw_nuc.h */,
				E8B0DBF41934F7AA005ED9FA /* aligner_sw.h */,
				E8B0DBF51934F7AA005ED9FA /* aligner_swsse.h */,
				E8B0DBF61934F7AA005ED9FA /* aln_sink.h */,
				E8B0DBF71934F7AA005ED9FA /* alphabet.h */,
				E8B0DBF81934F7AA005ED9FA /* assert_helpers.h */,
				E8B0DBF91934F7AA005ED9FA /* banded.h */,
				E8B0DBFA1934F7AA005ED9FA /* binary_sa_search.h */,
				E8B0DBFB1934F7AA005ED9FA /* bitpack.h */,
				E8B0DBFC1934F7AA005ED9FA /* blockwise_sa.h */,
				E818AEAD1987FD2E00ED141B /* bp_aligner.h */,
				E8B0DBFD1934F7AA005ED9FA /* bt2_idx.h */,
				E8B0DBFE1934F7AA005ED9FA /* bt2_io.h */,
				E8B0DBFF1934F7AA005ED9FA /* bt2_util.h */,
				E85766711970545400D8AAFB /* btypes.h */,
				E8B0DC001934F7AA005ED9FA /* diff_sample.h */,
				E8B0DC011934F7AA005ED9FA /* dp_framer.h */,
				E8B0DC021934F7AA005ED9FA /* ds.h */,
				E8B0DC031934F7AA005ED9FA /* edit.h */,
				E8B0DC041934F7AA005ED9FA /* endian_swap.h */,
				E8B0DC051934F7AA005ED9FA /* fast_mutex.h */,
				E8B0DC061934F7AA005ED9FA /* filebuf.h */,
				E8B0DC071934F7AA005ED9FA /* formats.h */,
				E8B0DC081934F7AA005ED9FA /* group_walk.h */,
				E81BC0841980295300580916 /* hi_aligner.h */,
				E8B0DC091934F7AA005ED9FA /* hier_idx_common.h */,
				E8B0DC0A1934F7AA005ED9FA /* hier_idx.h */,
				E8B0DC0B1934F7AA005ED9FA /* ival_list.h */,
				E8B0DC0C1934F7AA005ED9FA /* limit.h */,
				E8B0DC0D1934F7AA005ED9FA /* ls.h */,
				E8B0DC0E1934F7AA005ED9FA /* mask.h */,
				E8B0DC0F1934F7AA005ED9FA /* mem_ids.h */,
				E8B0DC101934F7AA005ED9FA /* mm.h */,
				E8B0DC111934F7AA005ED9FA /* multikey_qsort.h */,
				E8B0DC121934F7AA005ED9FA /* opts.h */,
				E8B0DC131934F7AA005ED9FA /* outq.h */,
				E8B0DC141934F7AA005ED9FA /* pat.h */,
				E8B0DC151934F7AA005ED9FA /* pe.h */,
				E8B0DC161934F7AA005ED9FA /* presets.h */,
				E8B0DC171934F7AA005ED9FA /* processor_support.h */,
				E8B0DC181934F7AA005ED9FA /* qual.h */,
				E8B0DC191934F7AA005ED9FA /* random_source.h */,
				E8B0DC1A1934F7AA005ED9FA /* random_util.h */,
				E8B0DC1B1934F7AA005ED9FA /* read.h */,
				E8B0DC1C1934F7AA005ED9FA /* ref_coord.h */,
				E8B0DC1D1934F7AA005ED9FA /* ref_read.h */,
				E8B0DC1E1934F7AA005ED9FA /* reference.h */,
				E8B0DC1F1934F7AA005ED9FA /* sam.h */,
				E8B0DC201934F7AA005ED9FA /* scoring.h */,
				E8B0DC211934F7AA005ED9FA /* search_globals.h */,
				E8B0DC221934F7AA005ED9FA /* sequence_io.h */,
				E8B0DC231934F7AA005ED9FA /* shmem.h */,
				E8B0DC241934F7AA005ED9FA /* simple_func.h */,
				E819F68819F553B100E1BD32 /* splice_site_mem.h */,
				E8B0DC251934F7AA005ED9FA /* splice_site.h */,
				E8B0DC261934F7AA005ED9FA /* spliced_aligner.h */,
				E8B0DC271934F7AA005ED9FA /* sse_util.h */,
				E8B0DC281934F7AA005ED9FA /* sstring.h */,
				E8B0DC291934F7AA005ED9FA /* str_util.h */,
				E8B0DC2A1934F7AA005ED9FA /* threading.h */,
				E8B0DC2B1934F7AA005ED9FA /* timer.h */,
				E8B0DC2C1934F7AA005ED9FA /* tinythread.h */,
				E8B0DC2D1934F7AA005ED9FA /* tokenize.h */,
				E8B0DC2E1934F7AA005ED9FA /* unique.h */,
				E8B0DC2F1934F7AA005ED9FA /* util.h */,
				E8B0DC301934F7AA005ED9FA /* word_io.h */,
				E8B0DC311934F7AA005ED9FA /* zbox.h */,
				E8B0DC321934F7AA005ED9FA /* aligner_bt.cpp */,
				E8B0DC331934F7AA005ED9FA /* aligner_cache.cpp */,
				E8B0DC341934F7AA005ED9FA /* aligner_driver.cpp */,
				E8B0DC351934F7AA005ED9FA /* aligner_result.cpp */,
				E8B0DC361934F7AA005ED9FA /* aligner_seed_policy.cpp */,
				E8B0DC371934F7AA005ED9FA /* aligner_seed.cpp */,
				E8B0DC381934F7AA005ED9FA /* aligner_seed2.cpp */,
				E8B0DC391934F7AA005ED9FA /* aligner_sw_driver.cpp */,
				E8B0DC3A1934F7AA005ED9FA /* aligner_sw.cpp */,
				E8B0DC3B1934F7AA005ED9FA /* aligner_swsse_ee_i16.cpp */,
				E8B0DC3C1934F7AA005ED9FA /* aligner_swsse_ee_u8.cpp */,
				E8B0DC3D1934F7AA005ED9FA /* aligner_swsse_loc_i16.cpp */,
				E8B0DC3E1934F7AA005ED9FA /* aligner_swsse_loc_u8.cpp */,
				E8B0DC3F1934F7AA005ED9FA /* aligner_swsse.cpp */,
				E8B0DC401934F7AA005ED9FA /* aln_sink.cpp */,
				E8B0DC411934F7AA005ED9FA /* alphabet.cpp */,
				E8B0DC421934F7AA005ED9FA /* banded.cpp */,
				E8B0DC431934F7AA005ED9FA /* bowtie_build_main.cpp */,
				E8B0DC441934F7AA005ED9FA /* bowtie_main.cpp */,
				E8B0DC451934F7AA005ED9FA /* bt2_build.cpp */,
				E8B0DC461934F7AA005ED9FA /* bt2_idx.cpp */,
				E8B0DC471934F7AA005ED9FA /* bt2_inspect.cpp */,
				E8B0DC481934F7AA005ED9FA /* bt2_search.cpp */,
				E8B0DC491934F7AA005ED9FA /* ccnt_lut.cpp */,
				E8B0DC4A1934F7AA005ED9FA /* diff_sample.cpp */,
				E8B0DC4B1934F7AA005ED9FA /* dp_framer.cpp */,
				E8B0DC4C1934F7AA005ED9FA /* ds.cpp */,
				E8B0DC4D1934F7AA005ED9FA /* edit.cpp */,
				E8B0DC4E1934F7AA005ED9FA /* group_walk.cpp */,
				E8B0DC4F1934F7AA005ED9FA /* ival_list.cpp */,
				E8B0DC501934F7AA005ED9FA /* limit.cpp */,
				E8B0DC511934F7AA005ED9FA /* ls.cpp */,
				E8B0DC521934F7AA005ED9FA /* mask.cpp */,
				E8B0DC531934F7AA005ED9FA /* multikey_qsort.cpp */,
				E8B0DC541934F7AA005ED9FA /* outq.cpp */,
				E8B0DC551934F7AA005ED9FA /* pat.cpp */,
				E8B0DC561934F7AA005ED9FA /* pe.cpp */,
				E8B0DC571934F7AA005ED9FA /* presets.cpp */,
				E8B0DC581934F7AA005ED9FA /* qual.cpp */,
				E8B0DC591934F7AA005ED9FA /* random_source.cpp */,
				E8B0DC5A1934F7AA005ED9FA /* random_util.cpp */,
				E8B0DC5B1934F7AA005ED9FA /* read_qseq.cpp */,
				E8B0DC5C1934F7AA005ED9FA /* ref_coord.cpp */,
				E8B0DC5D1934F7AA005ED9FA /* ref_read.cpp */,
				E8B0DC5E1934F7AA005ED9FA /* reference.cpp */,
				E8B0DC5F1934F7AA005ED9FA /* sam.cpp */,
				E818AEAE1987FD5100ED141B /* hisat_bp.cpp */,
				E8B0DC601934F7AA005ED9FA /* hisat_build_main.cpp */,
				E8B0DC611934F7AA005ED9FA /* hisat_build.cpp */,
				E8000AE11AE9304500E1F351 /* hisat2_build_main.cpp */,
				E8000AE21AE9304500E1F351 /* hisat2_build.cpp */,
				E8B0DC621934F7AA005ED9FA /* hisat_inspect.cpp */,
				E8B0DC631934F7AA005ED9FA /* hisat_main.cpp */,
				E8B0DC641934F7AA005ED9FA /* hisat.cpp */,
				E8B0DC651934F7AA005ED9FA /* scoring.cpp */,
				E8B0DC661934F7AA005ED9FA /* shmem.cpp */,
				E8B0DC671934F7AA005ED9FA /* simple_func.cpp */,
				E8B0DC681934F7AA005ED9FA /* splice_site.cpp */,
				E8B0DC691934F7AA005ED9FA /* sse_util.cpp */,
				E8B0DC6A1934F7AA005ED9FA /* sstring.cpp */,
				E8B0DC6B1934F7AA005ED9FA /* tinythread.cpp */,
				E8B0DC6C1934F7AA005ED9FA /* unique.cpp */,
			);
			name = Source;
			sourceTree = "<group>";
		};
		E8EEBD1B1AE7D46900E0A359 /* siren */ = {
			isa = PBXGroup;
			children = (
				E8000A6A1AE7E5E600E1F351 /* README */,
				E8EEBD1C1AE7D47600E0A359 /* gcsa */,
				E8EEBD1D1AE7D47D00E0A359 /* gcsa_util */,
				E8EEBD1E1AE7D48400E0A359 /* rlcsa */,
			);
			name = siren;
			sourceTree = "<group>";
		};
		E8EEBD1C1AE7D47600E0A359 /* gcsa */ = {
			isa = PBXGroup;
			children = (
				E8000ABC1AE7E68200E1F351 /* bwasearch.h */,
				E8000ABD1AE7E68200E1F351 /* gcsa.h */,
				E8000ABE1AE7E68200E1F351 /* graph.h */,
				E8000ABF1AE7E68200E1F351 /* parameter_handler.h */,
				E8000AC01AE7E68200E1F351 /* pattern_classifier.h */,
				E8000AC11AE7E68200E1F351 /* build_automaton.cpp */,
				E8000AC21AE7E68200E1F351 /* build_index.cpp */,
				E8000AC31AE7E68200E1F351 /* clean_alignment.cpp */,
				E8000AC41AE7E68200E1F351 /* determinize.cpp */,
				E8000AC51AE7E68200E1F351 /* gcsa_test.cpp */,
				E8000AC61AE7E68200E1F351 /* gcsa.cpp */,
				E8000AC71AE7E68200E1F351 /* generator.cpp */,
				E8000AC81AE7E68200E1F351 /* graph.cpp */,
				E8000AC91AE7E68200E1F351 /* parameter_handler.cpp */,
				E8000ACA1AE7E68200E1F351 /* rlcsa_test.cpp */,
				E8000ACB1AE7E68200E1F351 /* transpose.cpp */,
				E8000ACC1AE7E68200E1F351 /* verify.cpp */,
			);
			name = gcsa;
			sourceTree = "<group>";
		};
		E8EEBD1D1AE7D47D00E0A359 /* gcsa_util */ = {
			isa = PBXGroup;
			children = (
				E8000AB61AE7E66C00E1F351 /* gcsa_alignment.cpp */,
				E8000AB71AE7E66C00E1F351 /* materescue.cpp */,
				E8000AB81AE7E66C00E1F351 /* seedrescue.cpp */,
				E8000AB91AE7E66C00E1F351 /* seedrescue2materescue.cpp */,
				E8000ABA1AE7E66C00E1F351 /* Tools.h */,
				E8000ABB1AE7E66C00E1F351 /* vcf2malignment.cpp */,
			);
			name = gcsa_util;
			sourceTree = "<group>";
		};
		E8EEBD1E1AE7D48400E0A359 /* rlcsa */ = {
			isa = PBXGroup;
			children = (
				E8000A8C1AE7E60B00E1F351 /* bits */,
				E8000AA61AE7E60B00E1F351 /* misc */,
				E8000A6B1AE7E5FD00E1F351 /* adaptive_samples.h */,
				E8000A6C1AE7E5FD00E1F351 /* alphabet.h */,
				E8000A6D1AE7E5FD00E1F351 /* docarray.h */,
				E8000A6E1AE7E5FD00E1F351 /* lcpsamples.h */,
				E8000A6F1AE7E5FD00E1F351 /* rlcsa_builder.h */,
				E8000A701AE7E5FD00E1F351 /* rlcsa.h */,
				E8000A711AE7E5FD00E1F351 /* sampler.h */,
				E8000A721AE7E5FD00E1F351 /* sasamples.h */,
				E8000A731AE7E5FD00E1F351 /* suffixarray.h */,
				E8000A741AE7E5FD00E1F351 /* adaptive_samples.cpp */,
				E8000A751AE7E5FD00E1F351 /* alphabet.cpp */,
				E8000A761AE7E5FD00E1F351 /* build_plcp.cpp */,
				E8000A771AE7E5FD00E1F351 /* build_rlcsa.cpp */,
				E8000A781AE7E5FD00E1F351 /* build_sa.cpp */,
				E8000A791AE7E5FD00E1F351 /* display_test.cpp */,
				E8000A7A1AE7E5FD00E1F351 /* docarray.cpp */,
				E8000A7B1AE7E5FD00E1F351 /* document_graph.cpp */,
				E8000A7C1AE7E5FD00E1F351 /* extract_sequence.cpp */,
				E8000A7D1AE7E5FD00E1F351 /* lcp_test.cpp */,
				E8000A7E1AE7E5FD00E1F351 /* lcpsamples.cpp */,
				E8000A7F1AE7E5FD00E1F351 /* locate_test.cpp */,
				E8000A801AE7E5FD00E1F351 /* parallel_build.cpp */,
				E8000A811AE7E5FD00E1F351 /* read_bwt.cpp */,
				E8000A821AE7E5FD00E1F351 /* rlcsa_builder.cpp */,
				E8000A831AE7E5FD00E1F351 /* rlcsa_grep.cpp */,
				E8000A841AE7E5FD00E1F351 /* rlcsa_test.cpp */,
				E8000A851AE7E5FD00E1F351 /* rlcsa.cpp */,
				E8000A861AE7E5FD00E1F351 /* sample_lcp.cpp */,
				E8000A871AE7E5FD00E1F351 /* sampler_test.cpp */,
				E8000A881AE7E5FD00E1F351 /* sampler.cpp */,
				E8000A891AE7E5FD00E1F351 /* sasamples.cpp */,
				E8000A8A1AE7E5FD00E1F351 /* ss_test.cpp */,
				E8000A8B1AE7E5FD00E1F351 /* suffixarray.cpp */,
			);
			name = rlcsa;
			sourceTree = "<group>";
		};
/* End PBXGroup section */

/* Begin PBXLegacyTarget section */
		E8000ACD1AE8271500E1F351 /* build_automaton-debug */ = {
			isa = PBXLegacyTarget;
			buildArgumentsString = "build_automaton-debug";
			buildConfigurationList = E8000ACE1AE8271500E1F351 /* Build configuration list for PBXLegacyTarget "build_automaton-debug" */;
			buildPhases = (
			);
			buildToolPath = /usr/bin/make;
			buildWorkingDirectory = /Users/infphilo/work/HISAT/codes/hisat;
			dependencies = (
			);
			name = "build_automaton-debug";
			passBuildSettingsInEnvironment = 1;
			productName = "sawhi-align-debug";
		};
		E8000AD11AE82AAE00E1F351 /* determinize-debug */ = {
			isa = PBXLegacyTarget;
			buildArgumentsString = "determinize-debug";
			buildConfigurationList = E8000AD21AE82AAE00E1F351 /* Build configuration list for PBXLegacyTarget "determinize-debug" */;
			buildPhases = (
			);
			buildToolPath = /usr/bin/make;
			buildWorkingDirectory = /Users/infphilo/work/HISAT/codes/hisat;
			dependencies = (
			);
			name = "determinize-debug";
			passBuildSettingsInEnvironment = 1;
			productName = "sawhi-align-debug";
		};
		E8000AD51AE82ABD00E1F351 /* build_index-debug */ = {
			isa = PBXLegacyTarget;
			buildArgumentsString = "build_index-debug";
			buildConfigurationList = E8000AD61AE82ABD00E1F351 /* Build configuration list for PBXLegacyTarget "build_index-debug" */;
			buildPhases = (
			);
			buildToolPath = /usr/bin/make;
			buildWorkingDirectory = /Users/infphilo/work/HISAT/codes/hisat;
			dependencies = (
			);
			name = "build_index-debug";
			passBuildSettingsInEnvironment = 1;
			productName = "sawhi-align-debug";
		};
		E8000AD91AE82AC200E1F351 /* gcsa_test-debug */ = {
			isa = PBXLegacyTarget;
			buildArgumentsString = "gcsa_test-debug";
			buildConfigurationList = E8000ADA1AE82AC200E1F351 /* Build configuration list for PBXLegacyTarget "gcsa_test-debug" */;
			buildPhases = (
			);
			buildToolPath = /usr/bin/make;
			buildWorkingDirectory = /Users/infphilo/work/HISAT/codes/hisat;
			dependencies = (
			);
			name = "gcsa_test-debug";
			passBuildSettingsInEnvironment = 1;
			productName = "sawhi-align-debug";
		};
		E8000ADD1AE82ACC00E1F351 /* gcsa_alignment-debug */ = {
			isa = PBXLegacyTarget;
			buildArgumentsString = "gcsa_alignment-debug";
			buildConfigurationList = E8000ADE1AE82ACC00E1F351 /* Build configuration list for PBXLegacyTarget "gcsa_alignment-debug" */;
			buildPhases = (
			);
			buildToolPath = /usr/bin/make;
			buildWorkingDirectory = /Users/infphilo/work/HISAT/codes/hisat;
			dependencies = (
			);
			name = "gcsa_alignment-debug";
			passBuildSettingsInEnvironment = 1;
			productName = "sawhi-align-debug";
		};
		E8000AE31AE9324600E1F351 /* hisat2-build-s-debug */ = {
			isa = PBXLegacyTarget;
			buildArgumentsString = "hisat2-build-s-debug";
			buildConfigurationList = E8000AE41AE9324600E1F351 /* Build configuration list for PBXLegacyTarget "hisat2-build-s-debug" */;
			buildPhases = (
			);
			buildToolPath = /usr/bin/make;
			buildWorkingDirectory = /Users/infphilo/work/HISAT/codes/hisat;
			dependencies = (
			);
			name = "hisat2-build-s-debug";
			passBuildSettingsInEnvironment = 1;
			productName = "sawhi-align-debug";
		};
		E81779C219704B300067B436 /* hisat-build-l-debug */ = {
			isa = PBXLegacyTarget;
			buildArgumentsString = "hisat-build-l-debug";
			buildConfigurationList = E81779C319704B300067B436 /* Build configuration list for PBXLegacyTarget "hisat-build-l-debug" */;
			buildPhases = (
			);
			buildToolPath = /usr/bin/make;
			buildWorkingDirectory = /Users/infphilo/work/HISAT/codes/hisat;
			dependencies = (
			);
			name = "hisat-build-l-debug";
			passBuildSettingsInEnvironment = 1;
			productName = "sawhi-align-debug";
		};
		E81779CA19704BB80067B436 /* hisat-align-l-debug */ = {
			isa = PBXLegacyTarget;
			buildArgumentsString = "hisat-align-l-debug";
			buildConfigurationList = E81779CB19704BB80067B436 /* Build configuration list for PBXLegacyTarget "hisat-align-l-debug" */;
			buildPhases = (
			);
			buildToolPath = /usr/bin/make;
			buildWorkingDirectory = /Users/infphilo/work/HISAT/codes/hisat;
			dependencies = (
			);
			name = "hisat-align-l-debug";
			passBuildSettingsInEnvironment = 1;
			productName = "sawhi-align-debug";
		};
		E818AEAF19880CA400ED141B /* hisat-bp-bin-debug */ = {
			isa = PBXLegacyTarget;
			buildArgumentsString = "hisat-bp-bin-debug";
			buildConfigurationList = E818AEB019880CA400ED141B /* Build configuration list for PBXLegacyTarget "hisat-bp-bin-debug" */;
			buildPhases = (
			);
			buildToolPath = /usr/bin/make;
			buildWorkingDirectory = /Users/infphilo/work/HISAT/codes/hisat;
			dependencies = (
			);
			name = "hisat-bp-bin-debug";
			passBuildSettingsInEnvironment = 1;
			productName = "sawhi-align-debug";
		};
		E857666519704BFB00D8AAFB /* hisat-align-s-debug */ = {
			isa = PBXLegacyTarget;
			buildArgumentsString = "USE_SRA=0 hisat-align-s-debug";
			buildConfigurationList = E857666619704BFB00D8AAFB /* Build configuration list for PBXLegacyTarget "hisat-align-s-debug" */;
			buildPhases = (
			);
			buildToolPath = /usr/bin/make;
			buildWorkingDirectory = /Users/infphilo/work/HISAT/codes/hisat;
			dependencies = (
			);
			name = "hisat-align-s-debug";
			passBuildSettingsInEnvironment = 1;
			productName = "sawhi-align-debug";
		};
		E857666919704BFE00D8AAFB /* hisat-align-l */ = {
			isa = PBXLegacyTarget;
			buildArgumentsString = "hisat-align-l-debug";
			buildConfigurationList = E857666A19704BFE00D8AAFB /* Build configuration list for PBXLegacyTarget "hisat-align-l" */;
			buildPhases = (
			);
			buildToolPath = /usr/bin/make;
			buildWorkingDirectory = /Users/infphilo/work/HISAT/codes/hisat;
			dependencies = (
			);
			name = "hisat-align-l";
			passBuildSettingsInEnvironment = 1;
			productName = "sawhi-align-debug";
		};
		E857666D19704BFF00D8AAFB /* hisat-align-s */ = {
			isa = PBXLegacyTarget;
			buildArgumentsString = "hisat-align-s";
			buildConfigurationList = E857666E19704BFF00D8AAFB /* Build configuration list for PBXLegacyTarget "hisat-align-s" */;
			buildPhases = (
			);
			buildToolPath = /usr/bin/make;
			buildWorkingDirectory = /Users/infphilo/work/HISAT/codes/hisat;
			dependencies = (
			);
			name = "hisat-align-s";
			passBuildSettingsInEnvironment = 1;
			productName = "sawhi-align-debug";
		};
		E8B8F8F51976E840001596FB /* hisat-inspect-l-debug */ = {
			isa = PBXLegacyTarget;
			buildArgumentsString = "hisat-inspect-l-debug";
			buildConfigurationList = E8B8F8F61976E840001596FB /* Build configuration list for PBXLegacyTarget "hisat-inspect-l-debug" */;
			buildPhases = (
			);
			buildToolPath = /usr/bin/make;
			buildWorkingDirectory = /Users/infphilo/work/HISAT/codes/hisat;
			dependencies = (
			);
			name = "hisat-inspect-l-debug";
			passBuildSettingsInEnvironment = 1;
			productName = "sawhi-align-debug";
		};
		E8B8F8F9197A9BE2001596FB /* hisat-inspect-s-debug */ = {
			isa = PBXLegacyTarget;
			buildArgumentsString = "hisat-inspect-s-debug";
			buildConfigurationList = E8B8F8FA197A9BE2001596FB /* Build configuration list for PBXLegacyTarget "hisat-inspect-s-debug" */;
			buildPhases = (
			);
			buildToolPath = /usr/bin/make;
			buildWorkingDirectory = /Users/infphilo/work/HISAT/codes/hisat;
			dependencies = (
			);
			name = "hisat-inspect-s-debug";
			passBuildSettingsInEnvironment = 1;
			productName = "sawhi-align-debug";
		};
/* End PBXLegacyTarget section */

/* Begin PBXProject section */
		E8B0DBD21934F022005ED9FA /* Project object */ = {
			isa = PBXProject;
			attributes = {
				LastUpgradeCheck = 0510;
				ORGANIZATIONNAME = "___FULLUSERNAME___";
			};
			buildConfigurationList = E8B0DBD51934F022005ED9FA /* Build configuration list for PBXProject "hisat" */;
			compatibilityVersion = "Xcode 3.2";
			developmentRegion = English;
			hasScannedForEncodings = 0;
			knownRegions = (
				en,
			);
			mainGroup = E8B0DBD11934F022005ED9FA;
			productRefGroup = E8B0DBDB1934F022005ED9FA /* Products */;
			projectDirPath = "";
			projectRoot = "";
			targets = (
				E81779C219704B300067B436 /* hisat-build-l-debug */,
				E81779CA19704BB80067B436 /* hisat-align-l-debug */,
				E857666519704BFB00D8AAFB /* hisat-align-s-debug */,
				E857666919704BFE00D8AAFB /* hisat-align-l */,
				E857666D19704BFF00D8AAFB /* hisat-align-s */,
				E8B8F8F51976E840001596FB /* hisat-inspect-l-debug */,
				E8B8F8F9197A9BE2001596FB /* hisat-inspect-s-debug */,
				E818AEAF19880CA400ED141B /* hisat-bp-bin-debug */,
				E8000ACD1AE8271500E1F351 /* build_automaton-debug */,
				E8000AD11AE82AAE00E1F351 /* determinize-debug */,
				E8000AD51AE82ABD00E1F351 /* build_index-debug */,
				E8000AD91AE82AC200E1F351 /* gcsa_test-debug */,
				E8000ADD1AE82ACC00E1F351 /* gcsa_alignment-debug */,
				E8000AE31AE9324600E1F351 /* hisat2-build-s-debug */,
			);
		};
/* End PBXProject section */

/* Begin XCBuildConfiguration section */
		E8000ACF1AE8271500E1F351 /* Debug */ = {
			isa = XCBuildConfiguration;
			buildSettings = {
				DEBUGGING_SYMBOLS = YES;
				GCC_GENERATE_DEBUGGING_SYMBOLS = YES;
				GCC_OPTIMIZATION_LEVEL = 0;
				GCC_PREPROCESSOR_DEFINITIONS = (
					"DEBUG=1",
					"$(inherited)",
				);
				NCBI_NGS_DIR = "/usr/local/ngs/ngs-sdk";
				NCBI_VDB_DIR = "/usr/local/ncbi/ncbi-vdb";
				OTHER_CFLAGS = "";
				OTHER_LDFLAGS = "";
				PRODUCT_NAME = "hisat-align-s-debug copy";
			};
			name = Debug;
		};
		E8000AD01AE8271500E1F351 /* Release */ = {
			isa = XCBuildConfiguration;
			buildSettings = {
				NCBI_NGS_DIR = "/usr/local/ngs/ngs-sdk";
				NCBI_VDB_DIR = "/usr/local/ncbi/ncbi-vdb";
				OTHER_CFLAGS = "";
				OTHER_LDFLAGS = "";
				PRODUCT_NAME = "hisat-align-s-debug copy";
			};
			name = Release;
		};
		E8000AD31AE82AAE00E1F351 /* Debug */ = {
			isa = XCBuildConfiguration;
			buildSettings = {
				DEBUGGING_SYMBOLS = YES;
				GCC_GENERATE_DEBUGGING_SYMBOLS = YES;
				GCC_OPTIMIZATION_LEVEL = 0;
				GCC_PREPROCESSOR_DEFINITIONS = (
					"DEBUG=1",
					"$(inherited)",
				);
				NCBI_NGS_DIR = "/usr/local/ngs/ngs-sdk";
				NCBI_VDB_DIR = "/usr/local/ncbi/ncbi-vdb";
				OTHER_CFLAGS = "";
				OTHER_LDFLAGS = "";
				PRODUCT_NAME = "build_automaton-debug copy";
			};
			name = Debug;
		};
		E8000AD41AE82AAE00E1F351 /* Release */ = {
			isa = XCBuildConfiguration;
			buildSettings = {
				NCBI_NGS_DIR = "/usr/local/ngs/ngs-sdk";
				NCBI_VDB_DIR = "/usr/local/ncbi/ncbi-vdb";
				OTHER_CFLAGS = "";
				OTHER_LDFLAGS = "";
				PRODUCT_NAME = "build_automaton-debug copy";
			};
			name = Release;
		};
		E8000AD71AE82ABD00E1F351 /* Debug */ = {
			isa = XCBuildConfiguration;
			buildSettings = {
				DEBUGGING_SYMBOLS = YES;
				GCC_GENERATE_DEBUGGING_SYMBOLS = YES;
				GCC_OPTIMIZATION_LEVEL = 0;
				GCC_PREPROCESSOR_DEFINITIONS = (
					"DEBUG=1",
					"$(inherited)",
				);
				NCBI_NGS_DIR = "/usr/local/ngs/ngs-sdk";
				NCBI_VDB_DIR = "/usr/local/ncbi/ncbi-vdb";
				OTHER_CFLAGS = "";
				OTHER_LDFLAGS = "";
				PRODUCT_NAME = "determinize-debug copy";
			};
			name = Debug;
		};
		E8000AD81AE82ABD00E1F351 /* Release */ = {
			isa = XCBuildConfiguration;
			buildSettings = {
				NCBI_NGS_DIR = "/usr/local/ngs/ngs-sdk";
				NCBI_VDB_DIR = "/usr/local/ncbi/ncbi-vdb";
				OTHER_CFLAGS = "";
				OTHER_LDFLAGS = "";
				PRODUCT_NAME = "determinize-debug copy";
			};
			name = Release;
		};
		E8000ADB1AE82AC200E1F351 /* Debug */ = {
			isa = XCBuildConfiguration;
			buildSettings = {
				DEBUGGING_SYMBOLS = YES;
				GCC_GENERATE_DEBUGGING_SYMBOLS = YES;
				GCC_OPTIMIZATION_LEVEL = 0;
				GCC_PREPROCESSOR_DEFINITIONS = (
					"DEBUG=1",
					"$(inherited)",
				);
				NCBI_NGS_DIR = "/usr/local/ngs/ngs-sdk";
				NCBI_VDB_DIR = "/usr/local/ncbi/ncbi-vdb";
				OTHER_CFLAGS = "";
				OTHER_LDFLAGS = "";
				PRODUCT_NAME = "build_index-debug copy";
			};
			name = Debug;
		};
		E8000ADC1AE82AC200E1F351 /* Release */ = {
			isa = XCBuildConfiguration;
			buildSettings = {
				NCBI_NGS_DIR = "/usr/local/ngs/ngs-sdk";
				NCBI_VDB_DIR = "/usr/local/ncbi/ncbi-vdb";
				OTHER_CFLAGS = "";
				OTHER_LDFLAGS = "";
				PRODUCT_NAME = "build_index-debug copy";
			};
			name = Release;
		};
		E8000ADF1AE82ACC00E1F351 /* Debug */ = {
			isa = XCBuildConfiguration;
			buildSettings = {
				DEBUGGING_SYMBOLS = YES;
				GCC_GENERATE_DEBUGGING_SYMBOLS = YES;
				GCC_OPTIMIZATION_LEVEL = 0;
				GCC_PREPROCESSOR_DEFINITIONS = (
					"DEBUG=1",
					"$(inherited)",
				);
				NCBI_NGS_DIR = "/usr/local/ngs/ngs-sdk";
				NCBI_VDB_DIR = "/usr/local/ncbi/ncbi-vdb";
				OTHER_CFLAGS = "";
				OTHER_LDFLAGS = "";
				PRODUCT_NAME = "gcsa_test-debug copy";
			};
			name = Debug;
		};
		E8000AE01AE82ACC00E1F351 /* Release */ = {
			isa = XCBuildConfiguration;
			buildSettings = {
				NCBI_NGS_DIR = "/usr/local/ngs/ngs-sdk";
				NCBI_VDB_DIR = "/usr/local/ncbi/ncbi-vdb";
				OTHER_CFLAGS = "";
				OTHER_LDFLAGS = "";
				PRODUCT_NAME = "gcsa_test-debug copy";
			};
			name = Release;
		};
		E8000AE51AE9324600E1F351 /* Debug */ = {
			isa = XCBuildConfiguration;
			buildSettings = {
				DEBUGGING_SYMBOLS = YES;
				GCC_GENERATE_DEBUGGING_SYMBOLS = YES;
				GCC_OPTIMIZATION_LEVEL = 0;
				GCC_PREPROCESSOR_DEFINITIONS = (
					"DEBUG=1",
					"$(inherited)",
				);
				OTHER_CFLAGS = "";
				OTHER_LDFLAGS = "";
				PRODUCT_NAME = "hisat-build-l-debug copy";
			};
			name = Debug;
		};
		E8000AE61AE9324600E1F351 /* Release */ = {
			isa = XCBuildConfiguration;
			buildSettings = {
				OTHER_CFLAGS = "";
				OTHER_LDFLAGS = "";
				PRODUCT_NAME = "hisat-build-l-debug copy";
			};
			name = Release;
		};
		E81779C419704B300067B436 /* Debug */ = {
			isa = XCBuildConfiguration;
			buildSettings = {
				DEBUGGING_SYMBOLS = YES;
				GCC_GENERATE_DEBUGGING_SYMBOLS = YES;
				GCC_OPTIMIZATION_LEVEL = 0;
				GCC_PREPROCESSOR_DEFINITIONS = (
					"DEBUG=1",
					"$(inherited)",
				);
				OTHER_CFLAGS = "";
				OTHER_LDFLAGS = "";
				PRODUCT_NAME = "hisat-align-l-debug copy";
			};
			name = Debug;
		};
		E81779C519704B300067B436 /* Release */ = {
			isa = XCBuildConfiguration;
			buildSettings = {
				OTHER_CFLAGS = "";
				OTHER_LDFLAGS = "";
				PRODUCT_NAME = "hisat-align-l-debug copy";
			};
			name = Release;
		};
		E81779CC19704BB80067B436 /* Debug */ = {
			isa = XCBuildConfiguration;
			buildSettings = {
				DEBUGGING_SYMBOLS = YES;
				GCC_GENERATE_DEBUGGING_SYMBOLS = YES;
				GCC_OPTIMIZATION_LEVEL = 0;
				GCC_PREPROCESSOR_DEFINITIONS = (
					"DEBUG=1",
					"$(inherited)",
				);
				NCBI_NGS_DIR = "/usr/local/ngs/ngs-sdk";
				NCBI_VDB_DIR = "/usr/local/ncbi/ncbi-vdb";
				OTHER_CFLAGS = "";
				OTHER_LDFLAGS = "";
				PRODUCT_NAME = "hisat-build-l-debug copy";
			};
			name = Debug;
		};
		E81779CD19704BB80067B436 /* Release */ = {
			isa = XCBuildConfiguration;
			buildSettings = {
				NCBI_NGS_DIR = "/usr/local/ngs/ngs-sdk";
				NCBI_VDB_DIR = "/usr/local/ncbi/ncbi-vdb";
				OTHER_CFLAGS = "";
				OTHER_LDFLAGS = "";
				PRODUCT_NAME = "hisat-build-l-debug copy";
			};
			name = Release;
		};
		E818AEB119880CA400ED141B /* Debug */ = {
			isa = XCBuildConfiguration;
			buildSettings = {
				DEBUGGING_SYMBOLS = YES;
				GCC_GENERATE_DEBUGGING_SYMBOLS = YES;
				GCC_OPTIMIZATION_LEVEL = 0;
				GCC_PREPROCESSOR_DEFINITIONS = (
					"DEBUG=1",
					"$(inherited)",
				);
				OTHER_CFLAGS = "";
				OTHER_LDFLAGS = "";
				PRODUCT_NAME = "hisat-align-s-debug copy";
			};
			name = Debug;
		};
		E818AEB219880CA400ED141B /* Release */ = {
			isa = XCBuildConfiguration;
			buildSettings = {
				OTHER_CFLAGS = "";
				OTHER_LDFLAGS = "";
				PRODUCT_NAME = "hisat-align-s-debug copy";
			};
			name = Release;
		};
		E857666719704BFB00D8AAFB /* Debug */ = {
			isa = XCBuildConfiguration;
			buildSettings = {
				DEBUGGING_SYMBOLS = YES;
				GCC_GENERATE_DEBUGGING_SYMBOLS = YES;
				GCC_OPTIMIZATION_LEVEL = 0;
				GCC_PREPROCESSOR_DEFINITIONS = (
					"DEBUG=1",
					"$(inherited)",
				);
				NCBI_NGS_DIR = "/usr/local/ngs/ngs-sdk";
				NCBI_VDB_DIR = "/usr/local/ncbi/ncbi-vdb";
				OTHER_CFLAGS = "";
				OTHER_LDFLAGS = "";
				PRODUCT_NAME = "hisat-align-s-debug";
			};
			name = Debug;
		};
		E857666819704BFB00D8AAFB /* Release */ = {
			isa = XCBuildConfiguration;
			buildSettings = {
				NCBI_NGS_DIR = "/usr/local/ngs/ngs-sdk";
				NCBI_VDB_DIR = "/usr/local/ncbi/ncbi-vdb";
				OTHER_CFLAGS = "";
				OTHER_LDFLAGS = "";
				PRODUCT_NAME = "hisat-align-s-debug";
			};
			name = Release;
		};
		E857666B19704BFE00D8AAFB /* Debug */ = {
			isa = XCBuildConfiguration;
			buildSettings = {
				DEBUGGING_SYMBOLS = YES;
				GCC_GENERATE_DEBUGGING_SYMBOLS = YES;
				GCC_OPTIMIZATION_LEVEL = 0;
				GCC_PREPROCESSOR_DEFINITIONS = (
					"DEBUG=1",
					"$(inherited)",
				);
				NCBI_NGS_DIR = "/usr/local/ngs/ngs-sdk";
				NCBI_VDB_DIR = "/usr/local/ncbi/ncbi-vdb";
				OTHER_CFLAGS = "";
				OTHER_LDFLAGS = "";
				PRODUCT_NAME = "hisat-align-l-debug copy copy";
			};
			name = Debug;
		};
		E857666C19704BFE00D8AAFB /* Release */ = {
			isa = XCBuildConfiguration;
			buildSettings = {
				NCBI_NGS_DIR = "/usr/local/ngs/ngs-sdk";
				NCBI_VDB_DIR = "/usr/local/ncbi/ncbi-vdb";
				OTHER_CFLAGS = "";
				OTHER_LDFLAGS = "";
				PRODUCT_NAME = "hisat-align-l-debug copy copy";
			};
			name = Release;
		};
		E857666F19704BFF00D8AAFB /* Debug */ = {
			isa = XCBuildConfiguration;
			buildSettings = {
				DEBUGGING_SYMBOLS = YES;
				GCC_GENERATE_DEBUGGING_SYMBOLS = YES;
				GCC_OPTIMIZATION_LEVEL = 0;
				GCC_PREPROCESSOR_DEFINITIONS = (
					"DEBUG=1",
					"$(inherited)",
				);
				NCBI_NGS_DIR = "/usr/local/ngs/ngs-sdk";
				NCBI_VDB_DIR = "/usr/local/ncbi/ncbi-vdb";
				OTHER_CFLAGS = "";
				OTHER_LDFLAGS = "";
				PRODUCT_NAME = "hisat-align-s-debug";
			};
			name = Debug;
		};
		E857667019704BFF00D8AAFB /* Release */ = {
			isa = XCBuildConfiguration;
			buildSettings = {
				NCBI_NGS_DIR = "/usr/local/ngs/ngs-sdk";
				NCBI_VDB_DIR = "/usr/local/ncbi/ncbi-vdb";
				OTHER_CFLAGS = "";
				OTHER_LDFLAGS = "";
				PRODUCT_NAME = "hisat-align-s-debug";
			};
			name = Release;
		};
		E8B0DBE11934F022005ED9FA /* Debug */ = {
			isa = XCBuildConfiguration;
			buildSettings = {
				ALWAYS_SEARCH_USER_PATHS = NO;
				CLANG_CXX_LANGUAGE_STANDARD = "gnu++0x";
				CLANG_CXX_LIBRARY = "libc++";
				CLANG_ENABLE_MODULES = YES;
				CLANG_ENABLE_OBJC_ARC = YES;
				CLANG_WARN_BOOL_CONVERSION = YES;
				CLANG_WARN_CONSTANT_CONVERSION = YES;
				CLANG_WARN_DIRECT_OBJC_ISA_USAGE = YES_ERROR;
				CLANG_WARN_EMPTY_BODY = YES;
				CLANG_WARN_ENUM_CONVERSION = YES;
				CLANG_WARN_INT_CONVERSION = YES;
				CLANG_WARN_OBJC_ROOT_CLASS = YES_ERROR;
				CLANG_WARN__DUPLICATE_METHOD_MATCH = YES;
				COPY_PHASE_STRIP = NO;
				GCC_C_LANGUAGE_STANDARD = gnu99;
				GCC_DYNAMIC_NO_PIC = NO;
				GCC_ENABLE_OBJC_EXCEPTIONS = YES;
				GCC_OPTIMIZATION_LEVEL = 0;
				GCC_PREPROCESSOR_DEFINITIONS = (
					"DEBUG=1",
					"$(inherited)",
				);
				GCC_SYMBOLS_PRIVATE_EXTERN = NO;
				GCC_WARN_64_TO_32_BIT_CONVERSION = YES;
				GCC_WARN_ABOUT_RETURN_TYPE = YES_ERROR;
				GCC_WARN_UNDECLARED_SELECTOR = YES;
				GCC_WARN_UNINITIALIZED_AUTOS = YES_AGGRESSIVE;
				GCC_WARN_UNUSED_FUNCTION = YES;
				GCC_WARN_UNUSED_VARIABLE = YES;
				MACOSX_DEPLOYMENT_TARGET = 10.9;
				ONLY_ACTIVE_ARCH = YES;
				SDKROOT = macosx;
			};
			name = Debug;
		};
		E8B0DBE21934F022005ED9FA /* Release */ = {
			isa = XCBuildConfiguration;
			buildSettings = {
				ALWAYS_SEARCH_USER_PATHS = NO;
				CLANG_CXX_LANGUAGE_STANDARD = "gnu++0x";
				CLANG_CXX_LIBRARY = "libc++";
				CLANG_ENABLE_MODULES = YES;
				CLANG_ENABLE_OBJC_ARC = YES;
				CLANG_WARN_BOOL_CONVERSION = YES;
				CLANG_WARN_CONSTANT_CONVERSION = YES;
				CLANG_WARN_DIRECT_OBJC_ISA_USAGE = YES_ERROR;
				CLANG_WARN_EMPTY_BODY = YES;
				CLANG_WARN_ENUM_CONVERSION = YES;
				CLANG_WARN_INT_CONVERSION = YES;
				CLANG_WARN_OBJC_ROOT_CLASS = YES_ERROR;
				CLANG_WARN__DUPLICATE_METHOD_MATCH = YES;
				COPY_PHASE_STRIP = YES;
				DEBUG_INFORMATION_FORMAT = "dwarf-with-dsym";
				ENABLE_NS_ASSERTIONS = NO;
				GCC_C_LANGUAGE_STANDARD = gnu99;
				GCC_ENABLE_OBJC_EXCEPTIONS = YES;
				GCC_WARN_64_TO_32_BIT_CONVERSION = YES;
				GCC_WARN_ABOUT_RETURN_TYPE = YES_ERROR;
				GCC_WARN_UNDECLARED_SELECTOR = YES;
				GCC_WARN_UNINITIALIZED_AUTOS = YES_AGGRESSIVE;
				GCC_WARN_UNUSED_FUNCTION = YES;
				GCC_WARN_UNUSED_VARIABLE = YES;
				MACOSX_DEPLOYMENT_TARGET = 10.9;
				SDKROOT = macosx;
			};
			name = Release;
		};
		E8B8F8F71976E840001596FB /* Debug */ = {
			isa = XCBuildConfiguration;
			buildSettings = {
				DEBUGGING_SYMBOLS = YES;
				GCC_GENERATE_DEBUGGING_SYMBOLS = YES;
				GCC_OPTIMIZATION_LEVEL = 0;
				GCC_PREPROCESSOR_DEFINITIONS = (
					"DEBUG=1",
					"$(inherited)",
				);
				OTHER_CFLAGS = "";
				OTHER_LDFLAGS = "";
				PRODUCT_NAME = "hisat-build-l-debug copy";
			};
			name = Debug;
		};
		E8B8F8F81976E840001596FB /* Release */ = {
			isa = XCBuildConfiguration;
			buildSettings = {
				OTHER_CFLAGS = "";
				OTHER_LDFLAGS = "";
				PRODUCT_NAME = "hisat-build-l-debug copy";
			};
			name = Release;
		};
		E8B8F8FB197A9BE2001596FB /* Debug */ = {
			isa = XCBuildConfiguration;
			buildSettings = {
				DEBUGGING_SYMBOLS = YES;
				GCC_GENERATE_DEBUGGING_SYMBOLS = YES;
				GCC_OPTIMIZATION_LEVEL = 0;
				GCC_PREPROCESSOR_DEFINITIONS = (
					"DEBUG=1",
					"$(inherited)",
				);
				OTHER_CFLAGS = "";
				OTHER_LDFLAGS = "";
				PRODUCT_NAME = "hisat-inspect-l-debug copy";
			};
			name = Debug;
		};
		E8B8F8FC197A9BE2001596FB /* Release */ = {
			isa = XCBuildConfiguration;
			buildSettings = {
				OTHER_CFLAGS = "";
				OTHER_LDFLAGS = "";
				PRODUCT_NAME = "hisat-inspect-l-debug copy";
			};
			name = Release;
		};
/* End XCBuildConfiguration section */

/* Begin XCConfigurationList section */
		E8000ACE1AE8271500E1F351 /* Build configuration list for PBXLegacyTarget "build_automaton-debug" */ = {
			isa = XCConfigurationList;
			buildConfigurations = (
				E8000ACF1AE8271500E1F351 /* Debug */,
				E8000AD01AE8271500E1F351 /* Release */,
			);
			defaultConfigurationIsVisible = 0;
			defaultConfigurationName = Release;
		};
		E8000AD21AE82AAE00E1F351 /* Build configuration list for PBXLegacyTarget "determinize-debug" */ = {
			isa = XCConfigurationList;
			buildConfigurations = (
				E8000AD31AE82AAE00E1F351 /* Debug */,
				E8000AD41AE82AAE00E1F351 /* Release */,
			);
			defaultConfigurationIsVisible = 0;
			defaultConfigurationName = Release;
		};
		E8000AD61AE82ABD00E1F351 /* Build configuration list for PBXLegacyTarget "build_index-debug" */ = {
			isa = XCConfigurationList;
			buildConfigurations = (
				E8000AD71AE82ABD00E1F351 /* Debug */,
				E8000AD81AE82ABD00E1F351 /* Release */,
			);
			defaultConfigurationIsVisible = 0;
			defaultConfigurationName = Release;
		};
		E8000ADA1AE82AC200E1F351 /* Build configuration list for PBXLegacyTarget "gcsa_test-debug" */ = {
			isa = XCConfigurationList;
			buildConfigurations = (
				E8000ADB1AE82AC200E1F351 /* Debug */,
				E8000ADC1AE82AC200E1F351 /* Release */,
			);
			defaultConfigurationIsVisible = 0;
			defaultConfigurationName = Release;
		};
		E8000ADE1AE82ACC00E1F351 /* Build configuration list for PBXLegacyTarget "gcsa_alignment-debug" */ = {
			isa = XCConfigurationList;
			buildConfigurations = (
				E8000ADF1AE82ACC00E1F351 /* Debug */,
				E8000AE01AE82ACC00E1F351 /* Release */,
			);
			defaultConfigurationIsVisible = 0;
			defaultConfigurationName = Release;
		};
		E8000AE41AE9324600E1F351 /* Build configuration list for PBXLegacyTarget "hisat2-build-s-debug" */ = {
			isa = XCConfigurationList;
			buildConfigurations = (
				E8000AE51AE9324600E1F351 /* Debug */,
				E8000AE61AE9324600E1F351 /* Release */,
			);
			defaultConfigurationIsVisible = 0;
			defaultConfigurationName = Release;
		};
		E81779C319704B300067B436 /* Build configuration list for PBXLegacyTarget "hisat-build-l-debug" */ = {
			isa = XCConfigurationList;
			buildConfigurations = (
				E81779C419704B300067B436 /* Debug */,
				E81779C519704B300067B436 /* Release */,
			);
			defaultConfigurationIsVisible = 0;
			defaultConfigurationName = Release;
		};
		E81779CB19704BB80067B436 /* Build configuration list for PBXLegacyTarget "hisat-align-l-debug" */ = {
			isa = XCConfigurationList;
			buildConfigurations = (
				E81779CC19704BB80067B436 /* Debug */,
				E81779CD19704BB80067B436 /* Release */,
			);
			defaultConfigurationIsVisible = 0;
			defaultConfigurationName = Release;
		};
		E818AEB019880CA400ED141B /* Build configuration list for PBXLegacyTarget "hisat-bp-bin-debug" */ = {
			isa = XCConfigurationList;
			buildConfigurations = (
				E818AEB119880CA400ED141B /* Debug */,
				E818AEB219880CA400ED141B /* Release */,
			);
			defaultConfigurationIsVisible = 0;
			defaultConfigurationName = Release;
		};
		E857666619704BFB00D8AAFB /* Build configuration list for PBXLegacyTarget "hisat-align-s-debug" */ = {
			isa = XCConfigurationList;
			buildConfigurations = (
				E857666719704BFB00D8AAFB /* Debug */,
				E857666819704BFB00D8AAFB /* Release */,
			);
			defaultConfigurationIsVisible = 0;
			defaultConfigurationName = Release;
		};
		E857666A19704BFE00D8AAFB /* Build configuration list for PBXLegacyTarget "hisat-align-l" */ = {
			isa = XCConfigurationList;
			buildConfigurations = (
				E857666B19704BFE00D8AAFB /* Debug */,
				E857666C19704BFE00D8AAFB /* Release */,
			);
			defaultConfigurationIsVisible = 0;
			defaultConfigurationName = Release;
		};
		E857666E19704BFF00D8AAFB /* Build configuration list for PBXLegacyTarget "hisat-align-s" */ = {
			isa = XCConfigurationList;
			buildConfigurations = (
				E857666F19704BFF00D8AAFB /* Debug */,
				E857667019704BFF00D8AAFB /* Release */,
			);
			defaultConfigurationIsVisible = 0;
			defaultConfigurationName = Release;
		};
		E8B0DBD51934F022005ED9FA /* Build configuration list for PBXProject "hisat" */ = {
			isa = XCConfigurationList;
			buildConfigurations = (
				E8B0DBE11934F022005ED9FA /* Debug */,
				E8B0DBE21934F022005ED9FA /* Release */,
			);
			defaultConfigurationIsVisible = 0;
			defaultConfigurationName = Release;
		};
		E8B8F8F61976E840001596FB /* Build configuration list for PBXLegacyTarget "hisat-inspect-l-debug" */ = {
			isa = XCConfigurationList;
			buildConfigurations = (
				E8B8F8F71976E840001596FB /* Debug */,
				E8B8F8F81976E840001596FB /* Release */,
			);
			defaultConfigurationIsVisible = 0;
			defaultConfigurationName = Release;
		};
		E8B8F8FA197A9BE2001596FB /* Build configuration list for PBXLegacyTarget "hisat-inspect-s-debug" */ = {
			isa = XCConfigurationList;
			buildConfigurations = (
				E8B8F8FB197A9BE2001596FB /* Debug */,
				E8B8F8FC197A9BE2001596FB /* Release */,
			);
			defaultConfigurationIsVisible = 0;
			defaultConfigurationName = Release;
		};
/* End XCConfigurationList section */
	};
	rootObject = E8B0DBD21934F022005ED9FA /* Project object */;
}
