<?xml version="1.0" encoding="utf-8"?>
<Project ToolsVersion="4.0" xmlns="http://schemas.microsoft.com/developer/msbuild/2003">
  <ItemGroup>
    <Filter Include="Source Files">
      <UniqueIdentifier>{4FC737F1-C7A5-4376-A066-2A32D752A2FF}</UniqueIdentifier>
      <Extensions>cpp;c;cc;cxx;def;odl;idl;hpj;bat;asm;asmx</Extensions>
    </Filter>
    <Filter Include="Header Files">
      <UniqueIdentifier>{93995380-89BD-4b04-88EB-625FBE52EBFB}</UniqueIdentifier>
      <Extensions>h;hpp;hxx;hm;inl;inc;xsd</Extensions>
    </Filter>
    <Filter Include="Resource Files">
      <UniqueIdentifier>{67DA6AB6-F800-4c08-8B7A-83BB121AAD01}</UniqueIdentifier>
      <Extensions>rc;ico;cur;bmp;dlg;rc2;rct;bin;rgs;gif;jpg;jpeg;jpe;resx;tiff;tif;png;wav;mfcribbon-ms</Extensions>
    </Filter>
  </ItemGroup>
  <ItemGroup>
    <ClInclude Include="..\aligner_bt.h">
      <Filter>Header Files</Filter>
    </ClInclude>
    <ClInclude Include="..\aligner_cache.h">
      <Filter>Header Files</Filter>
    </ClInclude>
    <ClInclude Include="..\aligner_driver.h">
      <Filter>Header Files</Filter>
    </ClInclude>
    <ClInclude Include="..\aligner_metrics.h">
      <Filter>Header Files</Filter>
    </ClInclude>
    <ClInclude Include="..\aligner_report.h">
      <Filter>Header Files</Filter>
    </ClInclude>
    <ClInclude Include="..\aligner_result.h">
      <Filter>Header Files</Filter>
    </ClInclude>
    <ClInclude Include="..\aligner_seed.h">
      <Filter>Header Files</Filter>
    </ClInclude>
    <ClInclude Include="..\aligner_seed_policy.h">
      <Filter>Header Files</Filter>
    </ClInclude>
    <ClInclude Include="..\aligner_seed2.h">
      <Filter>Header Files</Filter>
    </ClInclude>
    <ClInclude Include="..\aligner_sw.h">
      <Filter>Header Files</Filter>
    </ClInclude>
    <ClInclude Include="..\aligner_sw_common.h">
      <Filter>Header Files</Filter>
    </ClInclude>
    <ClInclude Include="..\aligner_sw_driver.h">
      <Filter>Header Files</Filter>
    </ClInclude>
    <ClInclude Include="..\aligner_sw_nuc.h">
      <Filter>Header Files</Filter>
    </ClInclude>
    <ClInclude Include="..\aligner_swsse.h">
      <Filter>Header Files</Filter>
    </ClInclude>
    <ClInclude Include="..\aln_sink.h">
      <Filter>Header Files</Filter>
    </ClInclude>
    <ClInclude Include="..\alphabet.h">
      <Filter>Header Files</Filter>
    </ClInclude>
    <ClInclude Include="..\alt.h">
      <Filter>Header Files</Filter>
    </ClInclude>
    <ClInclude Include="..\assert_helpers.h">
      <Filter>Header Files</Filter>
    </ClInclude>
    <ClInclude Include="..\banded.h">
      <Filter>Header Files</Filter>
    </ClInclude>
    <ClInclude Include="..\binary_sa_search.h">
      <Filter>Header Files</Filter>
    </ClInclude>
    <ClInclude Include="..\bitpack.h">
      <Filter>Header Files</Filter>
    </ClInclude>
    <ClInclude Include="..\blockwise_sa.h">
      <Filter>Header Files</Filter>
    </ClInclude>
    <ClInclude Include="..\bp_aligner.h">
      <Filter>Header Files</Filter>
    </ClInclude>
    <ClInclude Include="..\btypes.h">
      <Filter>Header Files</Filter>
    </ClInclude>
    <ClInclude Include="..\classifier_li.h">
      <Filter>Header Files</Filter>
    </ClInclude>
    <ClInclude Include="..\diff_sample.h">
      <Filter>Header Files</Filter>
    </ClInclude>
    <ClInclude Include="..\dp_framer.h">
      <Filter>Header Files</Filter>
    </ClInclude>
    <ClInclude Include="..\ds.h">
      <Filter>Header Files</Filter>
    </ClInclude>
    <ClInclude Include="..\edit.h">
      <Filter>Header Files</Filter>
    </ClInclude>
    <ClInclude Include="..\endian_swap.h">
      <Filter>Header Files</Filter>
    </ClInclude>
    <ClInclude Include="..\fast_mutex.h">
      <Filter>Header Files</Filter>
    </ClInclude>
    <ClInclude Include="..\filebuf.h">
      <Filter>Header Files</Filter>
    </ClInclude>
    <ClInclude Include="..\formats.h">
      <Filter>Header Files</Filter>
    </ClInclude>
    <ClInclude Include="..\gbwt_graph.h">
      <Filter>Header Files</Filter>
    </ClInclude>
    <ClInclude Include="..\gfm.h">
      <Filter>Header Files</Filter>
    </ClInclude>
    <ClInclude Include="..\group_walk.h">
      <Filter>Header Files</Filter>
    </ClInclude>
    <ClInclude Include="..\hgfm.h">
      <Filter>Header Files</Filter>
    </ClInclude>
    <ClInclude Include="..\hi_aligner.h">
      <Filter>Header Files</Filter>
    </ClInclude>
    <ClInclude Include="..\hier_idx_common.h">
      <Filter>Header Files</Filter>
    </ClInclude>
    <ClInclude Include="..\ival_list.h">
      <Filter>Header Files</Filter>
    </ClInclude>
    <ClInclude Include="..\limit.h">
      <Filter>Header Files</Filter>
    </ClInclude>
    <ClInclude Include="..\ls.h">
      <Filter>Header Files</Filter>
    </ClInclude>
    <ClInclude Include="..\mask.h">
      <Filter>Header Files</Filter>
    </ClInclude>
    <ClInclude Include="..\mem_ids.h">
      <Filter>Header Files</Filter>
    </ClInclude>
    <ClInclude Include="..\mm.h">
      <Filter>Header Files</Filter>
    </ClInclude>
    <ClInclude Include="..\multikey_qsort.h">
      <Filter>Header Files</Filter>
    </ClInclude>
    <ClInclude Include="..\opts.h">
      <Filter>Header Files</Filter>
    </ClInclude>
    <ClInclude Include="..\outq.h">
      <Filter>Header Files</Filter>
    </ClInclude>
    <ClInclude Include="..\pat.h">
      <Filter>Header Files</Filter>
    </ClInclude>
    <ClInclude Include="..\pe.h">
      <Filter>Header Files</Filter>
    </ClInclude>
    <ClInclude Include="..\presets.h">
      <Filter>Header Files</Filter>
    </ClInclude>
    <ClInclude Include="..\processor_support.h">
      <Filter>Header Files</Filter>
    </ClInclude>
    <ClInclude Include="..\qual.h">
      <Filter>Header Files</Filter>
    </ClInclude>
    <ClInclude Include="..\radix_sort.h">
      <Filter>Header Files</Filter>
    </ClInclude>
    <ClInclude Include="..\random_source.h">
      <Filter>Header Files</Filter>
    </ClInclude>
    <ClInclude Include="..\random_util.h">
      <Filter>Header Files</Filter>
    </ClInclude>
    <ClInclude Include="..\read.h">
      <Filter>Header Files</Filter>
    </ClInclude>
    <ClInclude Include="..\ref_coord.h">
      <Filter>Header Files</Filter>
    </ClInclude>
    <ClInclude Include="..\ref_read.h">
      <Filter>Header Files</Filter>
    </ClInclude>
    <ClInclude Include="..\reference.h">
      <Filter>Header Files</Filter>
    </ClInclude>
    <ClInclude Include="..\sam.h">
      <Filter>Header Files</Filter>
    </ClInclude>
    <ClInclude Include="..\scoring.h">
      <Filter>Header Files</Filter>
    </ClInclude>
    <ClInclude Include="..\search_globals.h">
      <Filter>Header Files</Filter>
    </ClInclude>
    <ClInclude Include="..\sequence_io.h">
      <Filter>Header Files</Filter>
    </ClInclude>
    <ClInclude Include="..\shmem.h">
      <Filter>Header Files</Filter>
    </ClInclude>
    <ClInclude Include="..\simple_func.h">
      <Filter>Header Files</Filter>
    </ClInclude>
    <ClInclude Include="..\splice_site.h">
      <Filter>Header Files</Filter>
    </ClInclude>
    <ClInclude Include="..\splice_site_mem.h">
      <Filter>Header Files</Filter>
    </ClInclude>
    <ClInclude Include="..\spliced_aligner.h">
      <Filter>Header Files</Filter>
    </ClInclude>
    <ClInclude Include="..\timer.h">
      <Filter>Header Files</Filter>
    </ClInclude>
    <ClInclude Include="..\tp.h">
      <Filter>Header Files</Filter>
    </ClInclude>
    <ClInclude Include="..\unique.h">
      <Filter>Header Files</Filter>
    </ClInclude>
    <ClInclude Include="..\util.h">
      <Filter>Header Files</Filter>
    </ClInclude>
    <ClInclude Include="..\word_io.h">
      <Filter>Header Files</Filter>
    </ClInclude>
    <ClInclude Include="..\zbox.h">
      <Filter>Header Files</Filter>
    </ClInclude>
  </ItemGroup>
  <ItemGroup>
    <ClCompile Include="..\aligner_seed_policy.cpp">
      <Filter>Source Files</Filter>
    </ClCompile>
    <ClCompile Include="..\read_qseq.cpp">
      <Filter>Source Files</Filter>
    </ClCompile>
    <ClCompile Include="..\pat.cpp">
      <Filter>Source Files</Filter>
    </ClCompile>
    <ClCompile Include="..\qual.cpp">
      <Filter>Source Files</Filter>
    </ClCompile>
    <ClCompile Include="..\aligner_cache.cpp">
      <Filter>Source Files</Filter>
    </ClCompile>
    <ClCompile Include="..\aligner_result.cpp">
      <Filter>Source Files</Filter>
    </ClCompile>
    <ClCompile Include="..\aligner_seed.cpp">
      <Filter>Source Files</Filter>
    </ClCompile>
    <ClCompile Include="..\aligner_seed2.cpp">
      <Filter>Source Files</Filter>
    </ClCompile>
    <ClCompile Include="..\aligner_sw.cpp">
      <Filter>Source Files</Filter>
    </ClCompile>
    <ClCompile Include="..\aligner_sw_driver.cpp">
      <Filter>Source Files</Filter>
    </ClCompile>
    <ClCompile Include="..\mask.cpp">
      <Filter>Source Files</Filter>
    </ClCompile>
    <ClCompile Include="..\ref_coord.cpp">
      <Filter>Source Files</Filter>
    </ClCompile>
    <ClCompile Include="..\aligner_bt.cpp">
      <Filter>Source Files</Filter>
    </ClCompile>
    <ClCompile Include="..\aligner_driver.cpp">
      <Filter>Source Files</Filter>
    </ClCompile>
    <ClCompile Include="..\aligner_swsse.cpp">
      <Filter>Source Files</Filter>
    </ClCompile>
    <ClCompile Include="..\aligner_swsse_ee_i16.cpp">
      <Filter>Source Files</Filter>
    </ClCompile>
    <ClCompile Include="..\aligner_swsse_ee_u8.cpp">
      <Filter>Source Files</Filter>
    </ClCompile>
    <ClCompile Include="..\aligner_swsse_loc_i16.cpp">
      <Filter>Source Files</Filter>
    </ClCompile>
    <ClCompile Include="..\aligner_swsse_loc_u8.cpp">
      <Filter>Source Files</Filter>
    </ClCompile>
    <ClCompile Include="..\aln_sink.cpp">
      <Filter>Source Files</Filter>
    </ClCompile>
    <ClCompile Include="..\dp_framer.cpp">
      <Filter>Source Files</Filter>
    </ClCompile>
    <ClCompile Include="..\outq.cpp">
      <Filter>Source Files</Filter>
    </ClCompile>
    <ClCompile Include="..\pe.cpp">
      <Filter>Source Files</Filter>
    </ClCompile>
    <ClCompile Include="..\presets.cpp">
      <Filter>Source Files</Filter>
    </ClCompile>
    <ClCompile Include="..\random_util.cpp">
      <Filter>Source Files</Filter>
    </ClCompile>
    <ClCompile Include="..\scoring.cpp">
      <Filter>Source Files</Filter>
    </ClCompile>
    <ClCompile Include="..\simple_func.cpp">
      <Filter>Source Files</Filter>
    </ClCompile>
    <ClCompile Include="..\sse_util.cpp">
      <Filter>Source Files</Filter>
    </ClCompile>
    <ClCompile Include="..\unique.cpp">
      <Filter>Source Files</Filter>
    </ClCompile>
    <ClCompile Include="..\splice_site.cpp">
      <Filter>Source Files</Filter>
    </ClCompile>
  </ItemGroup>
</Project>